// !$*UTF8*$!
{
	archiveVersion = 1;
	classes = {
	};
	objectVersion = 46;
	objects = {

/* Begin PBXBuildFile section */
		A003FC9D1592111400BEE2C8 /* libicucore.dylib in Frameworks */ = {isa = PBXBuildFile; fileRef = A003FC9C1592111400BEE2C8 /* libicucore.dylib */; };
		A003FC9F1592111C00BEE2C8 /* CFNetwork.framework in Frameworks */ = {isa = PBXBuildFile; fileRef = A003FC9E1592111C00BEE2C8 /* CFNetwork.framework */; };
		A003FCA11592112500BEE2C8 /* Security.framework in Frameworks */ = {isa = PBXBuildFile; fileRef = A003FCA01592112500BEE2C8 /* Security.framework */; };
		A04CEC1E1591AB0400A0A93D /* UIKit.framework in Frameworks */ = {isa = PBXBuildFile; fileRef = A04CEC1D1591AB0400A0A93D /* UIKit.framework */; };
		A04CEC201591AB0400A0A93D /* Foundation.framework in Frameworks */ = {isa = PBXBuildFile; fileRef = A04CEC1F1591AB0400A0A93D /* Foundation.framework */; };
		A04CEC221591AB0400A0A93D /* CoreGraphics.framework in Frameworks */ = {isa = PBXBuildFile; fileRef = A04CEC211591AB0400A0A93D /* CoreGraphics.framework */; };
		A04CEC281591AB0400A0A93D /* InfoPlist.strings in Resources */ = {isa = PBXBuildFile; fileRef = A04CEC261591AB0400A0A93D /* InfoPlist.strings */; };
		A04CEC2A1591AB0400A0A93D /* main.m in Sources */ = {isa = PBXBuildFile; fileRef = A04CEC291591AB0400A0A93D /* main.m */; };
		A04CEC2E1591AB0400A0A93D /* KGAppDelegate.m in Sources */ = {isa = PBXBuildFile; fileRef = A04CEC2D1591AB0400A0A93D /* KGAppDelegate.m */; };
		A04CEC311591AB0400A0A93D /* MainStoryboard.storyboard in Resources */ = {isa = PBXBuildFile; fileRef = A04CEC2F1591AB0400A0A93D /* MainStoryboard.storyboard */; };
		A04CEC341591AB0400A0A93D /* KGViewController.m in Sources */ = {isa = PBXBuildFile; fileRef = A04CEC331591AB0400A0A93D /* KGViewController.m */; };
		A04CEC3C1591AB0400A0A93D /* SenTestingKit.framework in Frameworks */ = {isa = PBXBuildFile; fileRef = A04CEC3B1591AB0400A0A93D /* SenTestingKit.framework */; };
		A04CEC3D1591AB0400A0A93D /* UIKit.framework in Frameworks */ = {isa = PBXBuildFile; fileRef = A04CEC1D1591AB0400A0A93D /* UIKit.framework */; };
		A04CEC3E1591AB0400A0A93D /* Foundation.framework in Frameworks */ = {isa = PBXBuildFile; fileRef = A04CEC1F1591AB0400A0A93D /* Foundation.framework */; };
		A04CEC461591AB0400A0A93D /* InfoPlist.strings in Resources */ = {isa = PBXBuildFile; fileRef = A04CEC441591AB0400A0A93D /* InfoPlist.strings */; };
		A04CEC491591AB0500A0A93D /* html5_client_ios_demoTests.m in Sources */ = {isa = PBXBuildFile; fileRef = A04CEC481591AB0500A0A93D /* html5_client_ios_demoTests.m */; };
		A0A65FB9159DCBB800135AB6 /* Default.png in Resources */ = {isa = PBXBuildFile; fileRef = A0A65FB8159DCBB800135AB6 /* Default.png */; };
		A0D5E2E515A488420022A77C /* Kaazing.png in Resources */ = {isa = PBXBuildFile; fileRef = A0D5E2E415A488420022A77C /* Kaazing.png */; };
		A0D5E2E715A488B50022A77C /* Kaazing2.png in Resources */ = {isa = PBXBuildFile; fileRef = A0D5E2E615A488B50022A77C /* Kaazing2.png */; };
		AFFFF0C7172206C4009E34B5 /* KGApnsWebSocketExtension.m in Sources */ = {isa = PBXBuildFile; fileRef = AFFFEFFF172206C4009E34B5 /* KGApnsWebSocketExtension.m */; };
		AFFFF0C8172206C4009E34B5 /* KGBaseSoundNotification.m in Sources */ = {isa = PBXBuildFile; fileRef = AFFFF001172206C4009E34B5 /* KGBaseSoundNotification.m */; };
		AFFFF0C9172206C4009E34B5 /* KGLocalizedAlertNotification.m in Sources */ = {isa = PBXBuildFile; fileRef = AFFFF003172206C4009E34B5 /* KGLocalizedAlertNotification.m */; };
		AFFFF0CA172206C4009E34B5 /* KGNotificationPayload.m in Sources */ = {isa = PBXBuildFile; fileRef = AFFFF005172206C4009E34B5 /* KGNotificationPayload.m */; };
		AFFFF0CB172206C4009E34B5 /* KGSimpleAlertNotification.m in Sources */ = {isa = PBXBuildFile; fileRef = AFFFF007172206C4009E34B5 /* KGSimpleAlertNotification.m */; };
		AFFFF0CC172206C4009E34B5 /* KGAuthenticationUtil.m in Sources */ = {isa = PBXBuildFile; fileRef = AFFFF00E172206C4009E34B5 /* KGAuthenticationUtil.m */; };
		AFFFF0CD172206C4009E34B5 /* KGHttpRequest.m in Sources */ = {isa = PBXBuildFile; fileRef = AFFFF011172206C4009E34B5 /* KGHttpRequest.m */; };
		AFFFF0CE172206C4009E34B5 /* KGHttpRequestAuthenticationHandler.m in Sources */ = {isa = PBXBuildFile; fileRef = AFFFF013172206C4009E34B5 /* KGHttpRequestAuthenticationHandler.m */; };
		AFFFF0CF172206C4009E34B5 /* KGHttpRequestHandlerAdapter.m in Sources */ = {isa = PBXBuildFile; fileRef = AFFFF017172206C4009E34B5 /* KGHttpRequestHandlerAdapter.m */; };
		AFFFF0D0172206C4009E34B5 /* KGHttpRequestIoHandler.m in Sources */ = {isa = PBXBuildFile; fileRef = AFFFF01A172206C4009E34B5 /* KGHttpRequestIoHandler.m */; };
		AFFFF0D1172206C4009E34B5 /* KGHttpRequestLoggingHandler.m in Sources */ = {isa = PBXBuildFile; fileRef = AFFFF01D172206C4009E34B5 /* KGHttpRequestLoggingHandler.m */; };
		AFFFF0D2172206C4009E34B5 /* KGHttpRequestRedirectHandler.m in Sources */ = {isa = PBXBuildFile; fileRef = AFFFF01F172206C4009E34B5 /* KGHttpRequestRedirectHandler.m */; };
		AFFFF0D3172206C4009E34B5 /* KGHttpResponse.m in Sources */ = {isa = PBXBuildFile; fileRef = AFFFF021172206C4009E34B5 /* KGHttpResponse.m */; };
		AFFFF0D4172206C4009E34B5 /* KGChannel.m in Sources */ = {isa = PBXBuildFile; fileRef = AFFFF023172206C4009E34B5 /* KGChannel.m */; };
		AFFFF0D5172206C4009E34B5 /* KGDecoderInput.m in Sources */ = {isa = PBXBuildFile; fileRef = AFFFF026172206C4009E34B5 /* KGDecoderInput.m */; };
		AFFFF0D6172206C4009E34B5 /* KGTransportFactory.m in Sources */ = {isa = PBXBuildFile; fileRef = AFFFF02B172206C4009E34B5 /* KGTransportFactory.m */; };
		AFFFF0D7172206C4009E34B5 /* KGWebSocketChannel.m in Sources */ = {isa = PBXBuildFile; fileRef = AFFFF02D172206C4009E34B5 /* KGWebSocketChannel.m */; };
		AFFFF0D8172206C4009E34B5 /* KGWebSocketExtensionDelegate.m in Sources */ = {isa = PBXBuildFile; fileRef = AFFFF02F172206C4009E34B5 /* KGWebSocketExtensionDelegate.m */; };
		AFFFF0D9172206C4009E34B5 /* KGWebSocketFactoryDelegate.m in Sources */ = {isa = PBXBuildFile; fileRef = AFFFF031172206C4009E34B5 /* KGWebSocketFactoryDelegate.m */; };
		AFFFF0DA172206C4009E34B5 /* KGWebSocketHandlerAdapter.m in Sources */ = {isa = PBXBuildFile; fileRef = AFFFF034172206C4009E34B5 /* KGWebSocketHandlerAdapter.m */; };
		AFFFF0DB172206C4009E34B5 /* KGAuthenticateEvent.m in Sources */ = {isa = PBXBuildFile; fileRef = AFFFF038172206C4009E34B5 /* KGAuthenticateEvent.m */; };
		AFFFF0DC172206C4009E34B5 /* KGCloseEvent.m in Sources */ = {isa = PBXBuildFile; fileRef = AFFFF03A172206C4009E34B5 /* KGCloseEvent.m */; };
		AFFFF0DD172206C4009E34B5 /* KGErrorEvent.m in Sources */ = {isa = PBXBuildFile; fileRef = AFFFF03C172206C4009E34B5 /* KGErrorEvent.m */; };
		AFFFF0DE172206C4009E34B5 /* KGEvent.m in Sources */ = {isa = PBXBuildFile; fileRef = AFFFF03E172206C4009E34B5 /* KGEvent.m */; };
		AFFFF0DF172206C4009E34B5 /* KGMessageEvent.m in Sources */ = {isa = PBXBuildFile; fileRef = AFFFF040172206C4009E34B5 /* KGMessageEvent.m */; };
		AFFFF0E0172206C4009E34B5 /* KGOpenEvent.m in Sources */ = {isa = PBXBuildFile; fileRef = AFFFF042172206C4009E34B5 /* KGOpenEvent.m */; };
		AFFFF0E1172206C4009E34B5 /* KGRedirectEvent.m in Sources */ = {isa = PBXBuildFile; fileRef = AFFFF044172206C4009E34B5 /* KGRedirectEvent.m */; };
		AFFFF0E2172206C4009E34B5 /* KGWebSocketDelegateImpl.m in Sources */ = {isa = PBXBuildFile; fileRef = AFFFF046172206C4009E34B5 /* KGWebSocketDelegateImpl.m */; };
		AFFFF0E3172206C4009E34B5 /* KGWsMessage.m in Sources */ = {isa = PBXBuildFile; fileRef = AFFFF04A172206C4009E34B5 /* KGWsMessage.m */; };
		AFFFF0E4172206C4009E34B5 /* KGWebSocketCompositeChannel.m in Sources */ = {isa = PBXBuildFile; fileRef = AFFFF04D172206C4009E34B5 /* KGWebSocketCompositeChannel.m */; };
		AFFFF0E5172206C4009E34B5 /* KGWebSocketCompositeHandler.m in Sources */ = {isa = PBXBuildFile; fileRef = AFFFF04F172206C4009E34B5 /* KGWebSocketCompositeHandler.m */; };
		AFFFF0E6172206C4009E34B5 /* KGWebSocketHandshakeObject.m in Sources */ = {isa = PBXBuildFile; fileRef = AFFFF051172206C4009E34B5 /* KGWebSocketHandshakeObject.m */; };
		AFFFF0E7172206C4009E34B5 /* KGWebSocketLogginHandler.m in Sources */ = {isa = PBXBuildFile; fileRef = AFFFF053172206C4009E34B5 /* KGWebSocketLogginHandler.m */; };
		AFFFF0E8172206C4009E34B5 /* KGWebSocketReAuthenticateHandler.m in Sources */ = {isa = PBXBuildFile; fileRef = AFFFF055172206C4009E34B5 /* KGWebSocketReAuthenticateHandler.m */; };
		AFFFF0E9172206C4009E34B5 /* KGWebSocketSelectedChannel.m in Sources */ = {isa = PBXBuildFile; fileRef = AFFFF057172206C4009E34B5 /* KGWebSocketSelectedChannel.m */; };
		AFFFF0EA172206C4009E34B5 /* KGWebSocketSelectedHandler.m in Sources */ = {isa = PBXBuildFile; fileRef = AFFFF059172206C4009E34B5 /* KGWebSocketSelectedHandler.m */; };
		AFFFF0EB172206C4009E34B5 /* KGCreateChannel.m in Sources */ = {isa = PBXBuildFile; fileRef = AFFFF05C172206C4009E34B5 /* KGCreateChannel.m */; };
		AFFFF0EC172206C4009E34B5 /* KGCreateHandler.m in Sources */ = {isa = PBXBuildFile; fileRef = AFFFF05E172206C4009E34B5 /* KGCreateHandler.m */; };
		AFFFF0ED172206C4009E34B5 /* KGDownstreamChannel.m in Sources */ = {isa = PBXBuildFile; fileRef = AFFFF061172206C4009E34B5 /* KGDownstreamChannel.m */; };
		AFFFF0EE172206C4009E34B5 /* KGDownstreamHandler.m in Sources */ = {isa = PBXBuildFile; fileRef = AFFFF063172206C4009E34B5 /* KGDownstreamHandler.m */; };
		AFFFF0EF172206C4009E34B5 /* KGUpstreamChannel.m in Sources */ = {isa = PBXBuildFile; fileRef = AFFFF066172206C4009E34B5 /* KGUpstreamChannel.m */; };
		AFFFF0F0172206C4009E34B5 /* KGUpstreamHandler.m in Sources */ = {isa = PBXBuildFile; fileRef = AFFFF068172206C4009E34B5 /* KGUpstreamHandler.m */; };
		AFFFF0F1172206C4009E34B5 /* KGWebSocketEmulatedChannel.m in Sources */ = {isa = PBXBuildFile; fileRef = AFFFF06B172206C4009E34B5 /* KGWebSocketEmulatedChannel.m */; };
		AFFFF0F2172206C4009E34B5 /* KGWebSocketEmulatedDecoder.m in Sources */ = {isa = PBXBuildFile; fileRef = AFFFF06D172206C4009E34B5 /* KGWebSocketEmulatedDecoder.m */; };
		AFFFF0F3172206C4009E34B5 /* KGWebSocketEmulatedEncoder.m in Sources */ = {isa = PBXBuildFile; fileRef = AFFFF070172206C4009E34B5 /* KGWebSocketEmulatedEncoder.m */; };
		AFFFF0F4172206C4009E34B5 /* KGWebSocketEmulatedHandler.m in Sources */ = {isa = PBXBuildFile; fileRef = AFFFF072172206C4009E34B5 /* KGWebSocketEmulatedHandler.m */; };
		AFFFF0F5172206C4009E34B5 /* KGWebSocketNativeAuthenticationHandler.m in Sources */ = {isa = PBXBuildFile; fileRef = AFFFF075172206C4009E34B5 /* KGWebSocketNativeAuthenticationHandler.m */; };
		AFFFF0F6172206C4009E34B5 /* KGWebSocketNativeBalancingHandler.m in Sources */ = {isa = PBXBuildFile; fileRef = AFFFF077172206C4009E34B5 /* KGWebSocketNativeBalancingHandler.m */; };
		AFFFF0F7172206C4009E34B5 /* KGWebSocketNativeChannel.m in Sources */ = {isa = PBXBuildFile; fileRef = AFFFF079172206C4009E34B5 /* KGWebSocketNativeChannel.m */; };
		AFFFF0F8172206C4009E34B5 /* KGWebSocketNativeCodec.m in Sources */ = {isa = PBXBuildFile; fileRef = AFFFF07B172206C4009E34B5 /* KGWebSocketNativeCodec.m */; };
		AFFFF0F9172206C4009E34B5 /* KGWebSocketNativeControlFrameHandler.m in Sources */ = {isa = PBXBuildFile; fileRef = AFFFF07D172206C4009E34B5 /* KGWebSocketNativeControlFrameHandler.m */; };
		AFFFF0FA172206C4009E34B5 /* KGWebSocketNativeDelegateHandler.m in Sources */ = {isa = PBXBuildFile; fileRef = AFFFF07F172206C4009E34B5 /* KGWebSocketNativeDelegateHandler.m */; };
		AFFFF0FB172206C4009E34B5 /* KGWebSocketNativeEncoder.m in Sources */ = {isa = PBXBuildFile; fileRef = AFFFF081172206C4009E34B5 /* KGWebSocketNativeEncoder.m */; };
		AFFFF0FC172206C4009E34B5 /* KGWebSocketNativeHandler.m in Sources */ = {isa = PBXBuildFile; fileRef = AFFFF083172206C4009E34B5 /* KGWebSocketNativeHandler.m */; };
		AFFFF0FD172206C4009E34B5 /* KGWebSocketNativeHandshakeHandler.m in Sources */ = {isa = PBXBuildFile; fileRef = AFFFF085172206C4009E34B5 /* KGWebSocketNativeHandshakeHandler.m */; };
		AFFFF0FE172206C4009E34B5 /* KGBase64Util.m in Sources */ = {isa = PBXBuildFile; fileRef = AFFFF087172206C4009E34B5 /* KGBase64Util.m */; };
		AFFFF0FF172206C4009E34B5 /* KGByteBuffer.m in Sources */ = {isa = PBXBuildFile; fileRef = AFFFF089172206C4009E34B5 /* KGByteBuffer.m */; };
		AFFFF100172206C4009E34B5 /* KGWebSocket.m in Sources */ = {isa = PBXBuildFile; fileRef = AFFFF08B172206C4009E34B5 /* KGWebSocket.m */; };
		AFFFF101172206C4009E34B5 /* KGWebSocketExtension.m in Sources */ = {isa = PBXBuildFile; fileRef = AFFFF08E172206C4009E34B5 /* KGWebSocketExtension.m */; };
		AFFFF102172206C4009E34B5 /* KGWebSocketFactory.m in Sources */ = {isa = PBXBuildFile; fileRef = AFFFF090172206C4009E34B5 /* KGWebSocketFactory.m */; };
		AFFFF103172206C4009E34B5 /* NSString+KZNGAdditions.m in Sources */ = {isa = PBXBuildFile; fileRef = AFFFF092172206C4009E34B5 /* NSString+KZNGAdditions.m */; };
		AFFFF104172206C4009E34B5 /* KGGenericURI.m in Sources */ = {isa = PBXBuildFile; fileRef = AFFFF095172206C4009E34B5 /* KGGenericURI.m */; };
		AFFFF105172206C4009E34B5 /* KGHexUtil.m in Sources */ = {isa = PBXBuildFile; fileRef = AFFFF097172206C4009E34B5 /* KGHexUtil.m */; };
		AFFFF106172206C4009E34B5 /* KGHttpURI.m in Sources */ = {isa = PBXBuildFile; fileRef = AFFFF099172206C4009E34B5 /* KGHttpURI.m */; };
		AFFFF107172206C4009E34B5 /* KGWSCompositeURI.m in Sources */ = {isa = PBXBuildFile; fileRef = AFFFF09B172206C4009E34B5 /* KGWSCompositeURI.m */; };
		AFFFF108172206C4009E34B5 /* KGWSURI.m in Sources */ = {isa = PBXBuildFile; fileRef = AFFFF09D172206C4009E34B5 /* KGWSURI.m */; };
		AFFFF109172206C4009E34B5 /* NSArray+KZNGAdditions.m in Sources */ = {isa = PBXBuildFile; fileRef = AFFFF09F172206C4009E34B5 /* NSArray+KZNGAdditions.m */; };
		AFFFF10A172206C4009E34B5 /* NSURL+KZNGAdditions.m in Sources */ = {isa = PBXBuildFile; fileRef = AFFFF0A1172206C4009E34B5 /* NSURL+KZNGAdditions.m */; };
		AFFFF10B172206C4009E34B5 /* BasicChallengeResponseFactory.m in Sources */ = {isa = PBXBuildFile; fileRef = AFFFF0A8172206C4009E34B5 /* BasicChallengeResponseFactory.m */; };
		AFFFF10C172206C4009E34B5 /* DefaultBasicChallengeHandler.m in Sources */ = {isa = PBXBuildFile; fileRef = AFFFF0AA172206C4009E34B5 /* DefaultBasicChallengeHandler.m */; };
		AFFFF10D172206C4009E34B5 /* DefaultDispatchChallengeHandler.m in Sources */ = {isa = PBXBuildFile; fileRef = AFFFF0AC172206C4009E34B5 /* DefaultDispatchChallengeHandler.m */; };
		AFFFF10E172206C4009E34B5 /* Node.m in Sources */ = {isa = PBXBuildFile; fileRef = AFFFF0AE172206C4009E34B5 /* Node.m */; };
		AFFFF10F172206C4009E34B5 /* OrderedDictionary.m in Sources */ = {isa = PBXBuildFile; fileRef = AFFFF0B0172206C4009E34B5 /* OrderedDictionary.m */; };
		AFFFF110172206C4009E34B5 /* RealmUtils.m in Sources */ = {isa = PBXBuildFile; fileRef = AFFFF0B2172206C4009E34B5 /* RealmUtils.m */; };
		AFFFF111172206C4009E34B5 /* Token.m in Sources */ = {isa = PBXBuildFile; fileRef = AFFFF0B4172206C4009E34B5 /* Token.m */; };
		AFFFF112172206C4009E34B5 /* KGBasicChallengeHandler.m in Sources */ = {isa = PBXBuildFile; fileRef = AFFFF0B6172206C4009E34B5 /* KGBasicChallengeHandler.m */; };
		AFFFF113172206C4009E34B5 /* KGChallengeHandler.m in Sources */ = {isa = PBXBuildFile; fileRef = AFFFF0B8172206C4009E34B5 /* KGChallengeHandler.m */; };
		AFFFF114172206C4009E34B5 /* KGChallengeHandlers.m in Sources */ = {isa = PBXBuildFile; fileRef = AFFFF0BA172206C4009E34B5 /* KGChallengeHandlers.m */; };
		AFFFF115172206C4009E34B5 /* KGChallengeRequest.m in Sources */ = {isa = PBXBuildFile; fileRef = AFFFF0BC172206C4009E34B5 /* KGChallengeRequest.m */; };
		AFFFF116172206C4009E34B5 /* KGChallengeResponse.m in Sources */ = {isa = PBXBuildFile; fileRef = AFFFF0BE172206C4009E34B5 /* KGChallengeResponse.m */; };
		AFFFF117172206C4009E34B5 /* KGDispatchChallengeHandler.m in Sources */ = {isa = PBXBuildFile; fileRef = AFFFF0C0172206C4009E34B5 /* KGDispatchChallengeHandler.m */; };
		AFFFF118172206C4009E34B5 /* KGLoginHandler.m in Sources */ = {isa = PBXBuildFile; fileRef = AFFFF0C2172206C4009E34B5 /* KGLoginHandler.m */; };
		AFFFF119172206C4009E34B5 /* KGNegotiableChallengeHandler.m in Sources */ = {isa = PBXBuildFile; fileRef = AFFFF0C4172206C4009E34B5 /* KGNegotiableChallengeHandler.m */; };
		AFFFF11A172206C4009E34B5 /* KGNegotiateChallengeHandler.m in Sources */ = {isa = PBXBuildFile; fileRef = AFFFF0C6172206C4009E34B5 /* KGNegotiateChallengeHandler.m */; };
		AFFFF11C172207A9009E34B5 /* client.p12 in Resources */ = {isa = PBXBuildFile; fileRef = AFFFF11B172207A9009E34B5 /* client.p12 */; };
/* End PBXBuildFile section */

/* Begin PBXContainerItemProxy section */
		A04CEC3F1591AB0400A0A93D /* PBXContainerItemProxy */ = {
			isa = PBXContainerItemProxy;
			containerPortal = A04CEC101591AB0400A0A93D /* Project object */;
			proxyType = 1;
			remoteGlobalIDString = A04CEC181591AB0400A0A93D;
			remoteInfo = html5.client.ios.demo;
		};
/* End PBXContainerItemProxy section */

/* Begin PBXFileReference section */
		A003FC9C1592111400BEE2C8 /* libicucore.dylib */ = {isa = PBXFileReference; lastKnownFileType = "compiled.mach-o.dylib"; name = libicucore.dylib; path = usr/lib/libicucore.dylib; sourceTree = SDKROOT; };
		A003FC9E1592111C00BEE2C8 /* CFNetwork.framework */ = {isa = PBXFileReference; lastKnownFileType = wrapper.framework; name = CFNetwork.framework; path = System/Library/Frameworks/CFNetwork.framework; sourceTree = SDKROOT; };
		A003FCA01592112500BEE2C8 /* Security.framework */ = {isa = PBXFileReference; lastKnownFileType = wrapper.framework; name = Security.framework; path = System/Library/Frameworks/Security.framework; sourceTree = SDKROOT; };
		A04CEC191591AB0400A0A93D /* html5.client.ios.demo.app */ = {isa = PBXFileReference; explicitFileType = wrapper.application; includeInIndex = 0; path = html5.client.ios.demo.app; sourceTree = BUILT_PRODUCTS_DIR; };
		A04CEC1D1591AB0400A0A93D /* UIKit.framework */ = {isa = PBXFileReference; lastKnownFileType = wrapper.framework; name = UIKit.framework; path = System/Library/Frameworks/UIKit.framework; sourceTree = SDKROOT; };
		A04CEC1F1591AB0400A0A93D /* Foundation.framework */ = {isa = PBXFileReference; lastKnownFileType = wrapper.framework; name = Foundation.framework; path = System/Library/Frameworks/Foundation.framework; sourceTree = SDKROOT; };
		A04CEC211591AB0400A0A93D /* CoreGraphics.framework */ = {isa = PBXFileReference; lastKnownFileType = wrapper.framework; name = CoreGraphics.framework; path = System/Library/Frameworks/CoreGraphics.framework; sourceTree = SDKROOT; };
		A04CEC251591AB0400A0A93D /* html5.client.ios.demo-Info.plist */ = {isa = PBXFileReference; lastKnownFileType = text.plist.xml; path = "html5.client.ios.demo-Info.plist"; sourceTree = "<group>"; };
		A04CEC271591AB0400A0A93D /* en */ = {isa = PBXFileReference; lastKnownFileType = text.plist.strings; name = en; path = en.lproj/InfoPlist.strings; sourceTree = "<group>"; };
		A04CEC291591AB0400A0A93D /* main.m */ = {isa = PBXFileReference; lastKnownFileType = sourcecode.c.objc; path = main.m; sourceTree = "<group>"; };
		A04CEC2B1591AB0400A0A93D /* html5.client.ios.demo-Prefix.pch */ = {isa = PBXFileReference; lastKnownFileType = sourcecode.c.h; path = "html5.client.ios.demo-Prefix.pch"; sourceTree = "<group>"; };
		A04CEC2C1591AB0400A0A93D /* KGAppDelegate.h */ = {isa = PBXFileReference; lastKnownFileType = sourcecode.c.h; path = KGAppDelegate.h; sourceTree = "<group>"; };
		A04CEC2D1591AB0400A0A93D /* KGAppDelegate.m */ = {isa = PBXFileReference; lastKnownFileType = sourcecode.c.objc; path = KGAppDelegate.m; sourceTree = "<group>"; };
		A04CEC301591AB0400A0A93D /* en */ = {isa = PBXFileReference; lastKnownFileType = file.storyboard; name = en; path = en.lproj/MainStoryboard.storyboard; sourceTree = "<group>"; };
		A04CEC321591AB0400A0A93D /* KGViewController.h */ = {isa = PBXFileReference; lastKnownFileType = sourcecode.c.h; path = KGViewController.h; sourceTree = "<group>"; };
		A04CEC331591AB0400A0A93D /* KGViewController.m */ = {isa = PBXFileReference; lastKnownFileType = sourcecode.c.objc; path = KGViewController.m; sourceTree = "<group>"; };
		A04CEC3A1591AB0400A0A93D /* html5.client.ios.demoTests.octest */ = {isa = PBXFileReference; explicitFileType = wrapper.cfbundle; includeInIndex = 0; path = html5.client.ios.demoTests.octest; sourceTree = BUILT_PRODUCTS_DIR; };
		A04CEC3B1591AB0400A0A93D /* SenTestingKit.framework */ = {isa = PBXFileReference; lastKnownFileType = wrapper.framework; name = SenTestingKit.framework; path = Library/Frameworks/SenTestingKit.framework; sourceTree = DEVELOPER_DIR; };
		A04CEC431591AB0400A0A93D /* html5.client.ios.demoTests-Info.plist */ = {isa = PBXFileReference; lastKnownFileType = text.plist.xml; path = "html5.client.ios.demoTests-Info.plist"; sourceTree = "<group>"; };
		A04CEC451591AB0400A0A93D /* en */ = {isa = PBXFileReference; lastKnownFileType = text.plist.strings; name = en; path = en.lproj/InfoPlist.strings; sourceTree = "<group>"; };
		A04CEC471591AB0500A0A93D /* html5_client_ios_demoTests.h */ = {isa = PBXFileReference; lastKnownFileType = sourcecode.c.h; path = html5_client_ios_demoTests.h; sourceTree = "<group>"; };
		A04CEC481591AB0500A0A93D /* html5_client_ios_demoTests.m */ = {isa = PBXFileReference; lastKnownFileType = sourcecode.c.objc; path = html5_client_ios_demoTests.m; sourceTree = "<group>"; };
		A0A65FB8159DCBB800135AB6 /* Default.png */ = {isa = PBXFileReference; lastKnownFileType = image.png; path = Default.png; sourceTree = "<group>"; };
		A0D5E2E415A488420022A77C /* Kaazing.png */ = {isa = PBXFileReference; lastKnownFileType = image.png; path = Kaazing.png; sourceTree = "<group>"; };
		A0D5E2E615A488B50022A77C /* Kaazing2.png */ = {isa = PBXFileReference; lastKnownFileType = image.png; path = Kaazing2.png; sourceTree = "<group>"; };
		AFFFEFFD172206C4009E34B5 /* KGAlertNotification.h */ = {isa = PBXFileReference; fileEncoding = 4; lastKnownFileType = sourcecode.c.h; path = KGAlertNotification.h; sourceTree = "<group>"; };
		AFFFEFFE172206C4009E34B5 /* KGApnsWebSocketExtension.h */ = {isa = PBXFileReference; fileEncoding = 4; lastKnownFileType = sourcecode.c.h; path = KGApnsWebSocketExtension.h; sourceTree = "<group>"; };
		AFFFEFFF172206C4009E34B5 /* KGApnsWebSocketExtension.m */ = {isa = PBXFileReference; fileEncoding = 4; lastKnownFileType = sourcecode.c.objc; path = KGApnsWebSocketExtension.m; sourceTree = "<group>"; };
		AFFFF000172206C4009E34B5 /* KGBaseSoundNotification.h */ = {isa = PBXFileReference; fileEncoding = 4; lastKnownFileType = sourcecode.c.h; path = KGBaseSoundNotification.h; sourceTree = "<group>"; };
		AFFFF001172206C4009E34B5 /* KGBaseSoundNotification.m */ = {isa = PBXFileReference; fileEncoding = 4; lastKnownFileType = sourcecode.c.objc; path = KGBaseSoundNotification.m; sourceTree = "<group>"; };
		AFFFF002172206C4009E34B5 /* KGLocalizedAlertNotification.h */ = {isa = PBXFileReference; fileEncoding = 4; lastKnownFileType = sourcecode.c.h; path = KGLocalizedAlertNotification.h; sourceTree = "<group>"; };
		AFFFF003172206C4009E34B5 /* KGLocalizedAlertNotification.m */ = {isa = PBXFileReference; fileEncoding = 4; lastKnownFileType = sourcecode.c.objc; path = KGLocalizedAlertNotification.m; sourceTree = "<group>"; };
		AFFFF004172206C4009E34B5 /* KGNotificationPayload.h */ = {isa = PBXFileReference; fileEncoding = 4; lastKnownFileType = sourcecode.c.h; path = KGNotificationPayload.h; sourceTree = "<group>"; };
		AFFFF005172206C4009E34B5 /* KGNotificationPayload.m */ = {isa = PBXFileReference; fileEncoding = 4; lastKnownFileType = sourcecode.c.objc; path = KGNotificationPayload.m; sourceTree = "<group>"; };
		AFFFF006172206C4009E34B5 /* KGSimpleAlertNotification.h */ = {isa = PBXFileReference; fileEncoding = 4; lastKnownFileType = sourcecode.c.h; path = KGSimpleAlertNotification.h; sourceTree = "<group>"; };
		AFFFF007172206C4009E34B5 /* KGSimpleAlertNotification.m */ = {isa = PBXFileReference; fileEncoding = 4; lastKnownFileType = sourcecode.c.objc; path = KGSimpleAlertNotification.m; sourceTree = "<group>"; };
		AFFFF008172206C4009E34B5 /* KGSoundNotification.h */ = {isa = PBXFileReference; fileEncoding = 4; lastKnownFileType = sourcecode.c.h; path = KGSoundNotification.h; sourceTree = "<group>"; };
		AFFFF009172206C4009E34B5 /* Core.h */ = {isa = PBXFileReference; fileEncoding = 4; lastKnownFileType = sourcecode.c.h; path = Core.h; sourceTree = "<group>"; };
		AFFFF00D172206C4009E34B5 /* KGAuthenticationUtil.h */ = {isa = PBXFileReference; fileEncoding = 4; lastKnownFileType = sourcecode.c.h; path = KGAuthenticationUtil.h; sourceTree = "<group>"; };
		AFFFF00E172206C4009E34B5 /* KGAuthenticationUtil.m */ = {isa = PBXFileReference; fileEncoding = 4; lastKnownFileType = sourcecode.c.objc; path = KGAuthenticationUtil.m; sourceTree = "<group>"; };
		AFFFF010172206C4009E34B5 /* KGHttpRequest.h */ = {isa = PBXFileReference; fileEncoding = 4; lastKnownFileType = sourcecode.c.h; path = KGHttpRequest.h; sourceTree = "<group>"; };
		AFFFF011172206C4009E34B5 /* KGHttpRequest.m */ = {isa = PBXFileReference; fileEncoding = 4; lastKnownFileType = sourcecode.c.objc; path = KGHttpRequest.m; sourceTree = "<group>"; };
		AFFFF012172206C4009E34B5 /* KGHttpRequestAuthenticationHandler.h */ = {isa = PBXFileReference; fileEncoding = 4; lastKnownFileType = sourcecode.c.h; path = KGHttpRequestAuthenticationHandler.h; sourceTree = "<group>"; };
		AFFFF013172206C4009E34B5 /* KGHttpRequestAuthenticationHandler.m */ = {isa = PBXFileReference; fileEncoding = 4; lastKnownFileType = sourcecode.c.objc; path = KGHttpRequestAuthenticationHandler.m; sourceTree = "<group>"; };
		AFFFF014172206C4009E34B5 /* KGHttpRequestFactory.h */ = {isa = PBXFileReference; fileEncoding = 4; lastKnownFileType = sourcecode.c.h; path = KGHttpRequestFactory.h; sourceTree = "<group>"; };
		AFFFF015172206C4009E34B5 /* KGHttpRequestHandler.h */ = {isa = PBXFileReference; fileEncoding = 4; lastKnownFileType = sourcecode.c.h; path = KGHttpRequestHandler.h; sourceTree = "<group>"; };
		AFFFF016172206C4009E34B5 /* KGHttpRequestHandlerAdapter.h */ = {isa = PBXFileReference; fileEncoding = 4; lastKnownFileType = sourcecode.c.h; path = KGHttpRequestHandlerAdapter.h; sourceTree = "<group>"; };
		AFFFF017172206C4009E34B5 /* KGHttpRequestHandlerAdapter.m */ = {isa = PBXFileReference; fileEncoding = 4; lastKnownFileType = sourcecode.c.objc; path = KGHttpRequestHandlerAdapter.m; sourceTree = "<group>"; };
		AFFFF018172206C4009E34B5 /* KGHttpRequestHandlerFactory.h */ = {isa = PBXFileReference; fileEncoding = 4; lastKnownFileType = sourcecode.c.h; path = KGHttpRequestHandlerFactory.h; sourceTree = "<group>"; };
		AFFFF019172206C4009E34B5 /* KGHttpRequestIoHandler.h */ = {isa = PBXFileReference; fileEncoding = 4; lastKnownFileType = sourcecode.c.h; path = KGHttpRequestIoHandler.h; sourceTree = "<group>"; };
		AFFFF01A172206C4009E34B5 /* KGHttpRequestIoHandler.m */ = {isa = PBXFileReference; fileEncoding = 4; lastKnownFileType = sourcecode.c.objc; path = KGHttpRequestIoHandler.m; sourceTree = "<group>"; };
		AFFFF01B172206C4009E34B5 /* KGHttpRequestListener.h */ = {isa = PBXFileReference; fileEncoding = 4; lastKnownFileType = sourcecode.c.h; path = KGHttpRequestListener.h; sourceTree = "<group>"; };
		AFFFF01C172206C4009E34B5 /* KGHttpRequestLoggingHandler.h */ = {isa = PBXFileReference; fileEncoding = 4; lastKnownFileType = sourcecode.c.h; path = KGHttpRequestLoggingHandler.h; sourceTree = "<group>"; };
		AFFFF01D172206C4009E34B5 /* KGHttpRequestLoggingHandler.m */ = {isa = PBXFileReference; fileEncoding = 4; lastKnownFileType = sourcecode.c.objc; path = KGHttpRequestLoggingHandler.m; sourceTree = "<group>"; };
		AFFFF01E172206C4009E34B5 /* KGHttpRequestRedirectHandler.h */ = {isa = PBXFileReference; fileEncoding = 4; lastKnownFileType = sourcecode.c.h; path = KGHttpRequestRedirectHandler.h; sourceTree = "<group>"; };
		AFFFF01F172206C4009E34B5 /* KGHttpRequestRedirectHandler.m */ = {isa = PBXFileReference; fileEncoding = 4; lastKnownFileType = sourcecode.c.objc; path = KGHttpRequestRedirectHandler.m; sourceTree = "<group>"; };
		AFFFF020172206C4009E34B5 /* KGHttpResponse.h */ = {isa = PBXFileReference; fileEncoding = 4; lastKnownFileType = sourcecode.c.h; path = KGHttpResponse.h; sourceTree = "<group>"; };
		AFFFF021172206C4009E34B5 /* KGHttpResponse.m */ = {isa = PBXFileReference; fileEncoding = 4; lastKnownFileType = sourcecode.c.objc; path = KGHttpResponse.m; sourceTree = "<group>"; };
		AFFFF022172206C4009E34B5 /* KGChannel.h */ = {isa = PBXFileReference; fileEncoding = 4; lastKnownFileType = sourcecode.c.h; path = KGChannel.h; sourceTree = "<group>"; };
		AFFFF023172206C4009E34B5 /* KGChannel.m */ = {isa = PBXFileReference; fileEncoding = 4; lastKnownFileType = sourcecode.c.objc; path = KGChannel.m; sourceTree = "<group>"; };
		AFFFF024172206C4009E34B5 /* KGCommandMessage.h */ = {isa = PBXFileReference; fileEncoding = 4; lastKnownFileType = sourcecode.c.h; path = KGCommandMessage.h; sourceTree = "<group>"; };
		AFFFF025172206C4009E34B5 /* KGDecoderInput.h */ = {isa = PBXFileReference; fileEncoding = 4; lastKnownFileType = sourcecode.c.h; path = KGDecoderInput.h; sourceTree = "<group>"; };
		AFFFF026172206C4009E34B5 /* KGDecoderInput.m */ = {isa = PBXFileReference; fileEncoding = 4; lastKnownFileType = sourcecode.c.objc; path = KGDecoderInput.m; sourceTree = "<group>"; };
		AFFFF027172206C4009E34B5 /* KGDecoderListener.h */ = {isa = PBXFileReference; fileEncoding = 4; lastKnownFileType = sourcecode.c.h; path = KGDecoderListener.h; sourceTree = "<group>"; };
		AFFFF028172206C4009E34B5 /* KGEncoderOutput.h */ = {isa = PBXFileReference; fileEncoding = 4; lastKnownFileType = sourcecode.c.h; path = KGEncoderOutput.h; sourceTree = "<group>"; };
		AFFFF029172206C4009E34B5 /* KGHandler.h */ = {isa = PBXFileReference; fileEncoding = 4; lastKnownFileType = sourcecode.c.h; path = KGHandler.h; sourceTree = "<group>"; };
		AFFFF02A172206C4009E34B5 /* KGTransportFactory.h */ = {isa = PBXFileReference; fileEncoding = 4; lastKnownFileType = sourcecode.c.h; path = KGTransportFactory.h; sourceTree = "<group>"; };
		AFFFF02B172206C4009E34B5 /* KGTransportFactory.m */ = {isa = PBXFileReference; fileEncoding = 4; lastKnownFileType = sourcecode.c.objc; path = KGTransportFactory.m; sourceTree = "<group>"; };
		AFFFF02C172206C4009E34B5 /* KGWebSocketChannel.h */ = {isa = PBXFileReference; fileEncoding = 4; lastKnownFileType = sourcecode.c.h; path = KGWebSocketChannel.h; sourceTree = "<group>"; };
		AFFFF02D172206C4009E34B5 /* KGWebSocketChannel.m */ = {isa = PBXFileReference; fileEncoding = 4; lastKnownFileType = sourcecode.c.objc; path = KGWebSocketChannel.m; sourceTree = "<group>"; };
		AFFFF02E172206C4009E34B5 /* KGWebSocketExtensionDelegate.h */ = {isa = PBXFileReference; fileEncoding = 4; lastKnownFileType = sourcecode.c.h; path = KGWebSocketExtensionDelegate.h; sourceTree = "<group>"; };
		AFFFF02F172206C4009E34B5 /* KGWebSocketExtensionDelegate.m */ = {isa = PBXFileReference; fileEncoding = 4; lastKnownFileType = sourcecode.c.objc; path = KGWebSocketExtensionDelegate.m; sourceTree = "<group>"; };
		AFFFF030172206C4009E34B5 /* KGWebSocketFactoryDelegate.h */ = {isa = PBXFileReference; fileEncoding = 4; lastKnownFileType = sourcecode.c.h; path = KGWebSocketFactoryDelegate.h; sourceTree = "<group>"; };
		AFFFF031172206C4009E34B5 /* KGWebSocketFactoryDelegate.m */ = {isa = PBXFileReference; fileEncoding = 4; lastKnownFileType = sourcecode.c.objc; path = KGWebSocketFactoryDelegate.m; sourceTree = "<group>"; };
		AFFFF032172206C4009E34B5 /* KGWebSocketHandler.h */ = {isa = PBXFileReference; fileEncoding = 4; lastKnownFileType = sourcecode.c.h; path = KGWebSocketHandler.h; sourceTree = "<group>"; };
		AFFFF033172206C4009E34B5 /* KGWebSocketHandlerAdapter.h */ = {isa = PBXFileReference; fileEncoding = 4; lastKnownFileType = sourcecode.c.h; path = KGWebSocketHandlerAdapter.h; sourceTree = "<group>"; };
		AFFFF034172206C4009E34B5 /* KGWebSocketHandlerAdapter.m */ = {isa = PBXFileReference; fileEncoding = 4; lastKnownFileType = sourcecode.c.objc; path = KGWebSocketHandlerAdapter.m; sourceTree = "<group>"; };
		AFFFF035172206C4009E34B5 /* KGWebSocketHandlerListener.h */ = {isa = PBXFileReference; fileEncoding = 4; lastKnownFileType = sourcecode.c.h; path = KGWebSocketHandlerListener.h; sourceTree = "<group>"; };
		AFFFF037172206C4009E34B5 /* KGAuthenticateEvent.h */ = {isa = PBXFileReference; fileEncoding = 4; lastKnownFileType = sourcecode.c.h; path = KGAuthenticateEvent.h; sourceTree = "<group>"; };
		AFFFF038172206C4009E34B5 /* KGAuthenticateEvent.m */ = {isa = PBXFileReference; fileEncoding = 4; lastKnownFileType = sourcecode.c.objc; path = KGAuthenticateEvent.m; sourceTree = "<group>"; };
		AFFFF039172206C4009E34B5 /* KGCloseEvent.h */ = {isa = PBXFileReference; fileEncoding = 4; lastKnownFileType = sourcecode.c.h; path = KGCloseEvent.h; sourceTree = "<group>"; };
		AFFFF03A172206C4009E34B5 /* KGCloseEvent.m */ = {isa = PBXFileReference; fileEncoding = 4; lastKnownFileType = sourcecode.c.objc; path = KGCloseEvent.m; sourceTree = "<group>"; };
		AFFFF03B172206C4009E34B5 /* KGErrorEvent.h */ = {isa = PBXFileReference; fileEncoding = 4; lastKnownFileType = sourcecode.c.h; path = KGErrorEvent.h; sourceTree = "<group>"; };
		AFFFF03C172206C4009E34B5 /* KGErrorEvent.m */ = {isa = PBXFileReference; fileEncoding = 4; lastKnownFileType = sourcecode.c.objc; path = KGErrorEvent.m; sourceTree = "<group>"; };
		AFFFF03D172206C4009E34B5 /* KGEvent.h */ = {isa = PBXFileReference; fileEncoding = 4; lastKnownFileType = sourcecode.c.h; path = KGEvent.h; sourceTree = "<group>"; };
		AFFFF03E172206C4009E34B5 /* KGEvent.m */ = {isa = PBXFileReference; fileEncoding = 4; lastKnownFileType = sourcecode.c.objc; path = KGEvent.m; sourceTree = "<group>"; };
		AFFFF03F172206C4009E34B5 /* KGMessageEvent.h */ = {isa = PBXFileReference; fileEncoding = 4; lastKnownFileType = sourcecode.c.h; path = KGMessageEvent.h; sourceTree = "<group>"; };
		AFFFF040172206C4009E34B5 /* KGMessageEvent.m */ = {isa = PBXFileReference; fileEncoding = 4; lastKnownFileType = sourcecode.c.objc; path = KGMessageEvent.m; sourceTree = "<group>"; };
		AFFFF041172206C4009E34B5 /* KGOpenEvent.h */ = {isa = PBXFileReference; fileEncoding = 4; lastKnownFileType = sourcecode.c.h; path = KGOpenEvent.h; sourceTree = "<group>"; };
		AFFFF042172206C4009E34B5 /* KGOpenEvent.m */ = {isa = PBXFileReference; fileEncoding = 4; lastKnownFileType = sourcecode.c.objc; path = KGOpenEvent.m; sourceTree = "<group>"; };
		AFFFF043172206C4009E34B5 /* KGRedirectEvent.h */ = {isa = PBXFileReference; fileEncoding = 4; lastKnownFileType = sourcecode.c.h; path = KGRedirectEvent.h; sourceTree = "<group>"; };
		AFFFF044172206C4009E34B5 /* KGRedirectEvent.m */ = {isa = PBXFileReference; fileEncoding = 4; lastKnownFileType = sourcecode.c.objc; path = KGRedirectEvent.m; sourceTree = "<group>"; };
		AFFFF045172206C4009E34B5 /* KGWebSocketDelegateImpl.h */ = {isa = PBXFileReference; fileEncoding = 4; lastKnownFileType = sourcecode.c.h; path = KGWebSocketDelegateImpl.h; sourceTree = "<group>"; };
		AFFFF046172206C4009E34B5 /* KGWebSocketDelegateImpl.m */ = {isa = PBXFileReference; fileEncoding = 4; lastKnownFileType = sourcecode.c.objc; path = KGWebSocketDelegateImpl.m; sourceTree = "<group>"; };
		AFFFF047172206C4009E34B5 /* KGWebSocketDelegateListener.h */ = {isa = PBXFileReference; fileEncoding = 4; lastKnownFileType = sourcecode.c.h; path = KGWebSocketDelegateListener.h; sourceTree = "<group>"; };
		AFFFF048172206C4009E34B5 /* KGWebSocketNaiveDelegate.h */ = {isa = PBXFileReference; fileEncoding = 4; lastKnownFileType = sourcecode.c.h; path = KGWebSocketNaiveDelegate.h; sourceTree = "<group>"; };
		AFFFF049172206C4009E34B5 /* KGWsMessage.h */ = {isa = PBXFileReference; fileEncoding = 4; lastKnownFileType = sourcecode.c.h; path = KGWsMessage.h; sourceTree = "<group>"; };
		AFFFF04A172206C4009E34B5 /* KGWsMessage.m */ = {isa = PBXFileReference; fileEncoding = 4; lastKnownFileType = sourcecode.c.objc; path = KGWsMessage.m; sourceTree = "<group>"; };
		AFFFF04C172206C4009E34B5 /* KGWebSocketCompositeChannel.h */ = {isa = PBXFileReference; fileEncoding = 4; lastKnownFileType = sourcecode.c.h; path = KGWebSocketCompositeChannel.h; sourceTree = "<group>"; };
		AFFFF04D172206C4009E34B5 /* KGWebSocketCompositeChannel.m */ = {isa = PBXFileReference; fileEncoding = 4; lastKnownFileType = sourcecode.c.objc; path = KGWebSocketCompositeChannel.m; sourceTree = "<group>"; };
		AFFFF04E172206C4009E34B5 /* KGWebSocketCompositeHandler.h */ = {isa = PBXFileReference; fileEncoding = 4; lastKnownFileType = sourcecode.c.h; path = KGWebSocketCompositeHandler.h; sourceTree = "<group>"; };
		AFFFF04F172206C4009E34B5 /* KGWebSocketCompositeHandler.m */ = {isa = PBXFileReference; fileEncoding = 4; lastKnownFileType = sourcecode.c.objc; path = KGWebSocketCompositeHandler.m; sourceTree = "<group>"; };
		AFFFF050172206C4009E34B5 /* KGWebSocketHandshakeObject.h */ = {isa = PBXFileReference; fileEncoding = 4; lastKnownFileType = sourcecode.c.h; path = KGWebSocketHandshakeObject.h; sourceTree = "<group>"; };
		AFFFF051172206C4009E34B5 /* KGWebSocketHandshakeObject.m */ = {isa = PBXFileReference; fileEncoding = 4; lastKnownFileType = sourcecode.c.objc; path = KGWebSocketHandshakeObject.m; sourceTree = "<group>"; };
		AFFFF052172206C4009E34B5 /* KGWebSocketLogginHandler.h */ = {isa = PBXFileReference; fileEncoding = 4; lastKnownFileType = sourcecode.c.h; path = KGWebSocketLogginHandler.h; sourceTree = "<group>"; };
		AFFFF053172206C4009E34B5 /* KGWebSocketLogginHandler.m */ = {isa = PBXFileReference; fileEncoding = 4; lastKnownFileType = sourcecode.c.objc; path = KGWebSocketLogginHandler.m; sourceTree = "<group>"; };
		AFFFF054172206C4009E34B5 /* KGWebSocketReAuthenticateHandler.h */ = {isa = PBXFileReference; fileEncoding = 4; lastKnownFileType = sourcecode.c.h; path = KGWebSocketReAuthenticateHandler.h; sourceTree = "<group>"; };
		AFFFF055172206C4009E34B5 /* KGWebSocketReAuthenticateHandler.m */ = {isa = PBXFileReference; fileEncoding = 4; lastKnownFileType = sourcecode.c.objc; path = KGWebSocketReAuthenticateHandler.m; sourceTree = "<group>"; };
		AFFFF056172206C4009E34B5 /* KGWebSocketSelectedChannel.h */ = {isa = PBXFileReference; fileEncoding = 4; lastKnownFileType = sourcecode.c.h; path = KGWebSocketSelectedChannel.h; sourceTree = "<group>"; };
		AFFFF057172206C4009E34B5 /* KGWebSocketSelectedChannel.m */ = {isa = PBXFileReference; fileEncoding = 4; lastKnownFileType = sourcecode.c.objc; path = KGWebSocketSelectedChannel.m; sourceTree = "<group>"; };
		AFFFF058172206C4009E34B5 /* KGWebSocketSelectedHandler.h */ = {isa = PBXFileReference; fileEncoding = 4; lastKnownFileType = sourcecode.c.h; path = KGWebSocketSelectedHandler.h; sourceTree = "<group>"; };
		AFFFF059172206C4009E34B5 /* KGWebSocketSelectedHandler.m */ = {isa = PBXFileReference; fileEncoding = 4; lastKnownFileType = sourcecode.c.objc; path = KGWebSocketSelectedHandler.m; sourceTree = "<group>"; };
		AFFFF05B172206C4009E34B5 /* KGCreateChannel.h */ = {isa = PBXFileReference; fileEncoding = 4; lastKnownFileType = sourcecode.c.h; path = KGCreateChannel.h; sourceTree = "<group>"; };
		AFFFF05C172206C4009E34B5 /* KGCreateChannel.m */ = {isa = PBXFileReference; fileEncoding = 4; lastKnownFileType = sourcecode.c.objc; path = KGCreateChannel.m; sourceTree = "<group>"; };
		AFFFF05D172206C4009E34B5 /* KGCreateHandler.h */ = {isa = PBXFileReference; fileEncoding = 4; lastKnownFileType = sourcecode.c.h; path = KGCreateHandler.h; sourceTree = "<group>"; };
		AFFFF05E172206C4009E34B5 /* KGCreateHandler.m */ = {isa = PBXFileReference; fileEncoding = 4; lastKnownFileType = sourcecode.c.objc; path = KGCreateHandler.m; sourceTree = "<group>"; };
		AFFFF05F172206C4009E34B5 /* KGCreateHandlerListener.h */ = {isa = PBXFileReference; fileEncoding = 4; lastKnownFileType = sourcecode.c.h; path = KGCreateHandlerListener.h; sourceTree = "<group>"; };
		AFFFF060172206C4009E34B5 /* KGDownstreamChannel.h */ = {isa = PBXFileReference; fileEncoding = 4; lastKnownFileType = sourcecode.c.h; path = KGDownstreamChannel.h; sourceTree = "<group>"; };
		AFFFF061172206C4009E34B5 /* KGDownstreamChannel.m */ = {isa = PBXFileReference; fileEncoding = 4; lastKnownFileType = sourcecode.c.objc; path = KGDownstreamChannel.m; sourceTree = "<group>"; };
		AFFFF062172206C4009E34B5 /* KGDownstreamHandler.h */ = {isa = PBXFileReference; fileEncoding = 4; lastKnownFileType = sourcecode.c.h; path = KGDownstreamHandler.h; sourceTree = "<group>"; };
		AFFFF063172206C4009E34B5 /* KGDownstreamHandler.m */ = {isa = PBXFileReference; fileEncoding = 4; lastKnownFileType = sourcecode.c.objc; path = KGDownstreamHandler.m; sourceTree = "<group>"; };
		AFFFF064172206C4009E34B5 /* KGDownstreamHandlerListener.h */ = {isa = PBXFileReference; fileEncoding = 4; lastKnownFileType = sourcecode.c.h; path = KGDownstreamHandlerListener.h; sourceTree = "<group>"; };
		AFFFF065172206C4009E34B5 /* KGUpstreamChannel.h */ = {isa = PBXFileReference; fileEncoding = 4; lastKnownFileType = sourcecode.c.h; path = KGUpstreamChannel.h; sourceTree = "<group>"; };
		AFFFF066172206C4009E34B5 /* KGUpstreamChannel.m */ = {isa = PBXFileReference; fileEncoding = 4; lastKnownFileType = sourcecode.c.objc; path = KGUpstreamChannel.m; sourceTree = "<group>"; };
		AFFFF067172206C4009E34B5 /* KGUpstreamHandler.h */ = {isa = PBXFileReference; fileEncoding = 4; lastKnownFileType = sourcecode.c.h; path = KGUpstreamHandler.h; sourceTree = "<group>"; };
		AFFFF068172206C4009E34B5 /* KGUpstreamHandler.m */ = {isa = PBXFileReference; fileEncoding = 4; lastKnownFileType = sourcecode.c.objc; path = KGUpstreamHandler.m; sourceTree = "<group>"; };
		AFFFF069172206C4009E34B5 /* KGUpstreamHandlerListener.h */ = {isa = PBXFileReference; fileEncoding = 4; lastKnownFileType = sourcecode.c.h; path = KGUpstreamHandlerListener.h; sourceTree = "<group>"; };
		AFFFF06A172206C4009E34B5 /* KGWebSocketEmulatedChannel.h */ = {isa = PBXFileReference; fileEncoding = 4; lastKnownFileType = sourcecode.c.h; path = KGWebSocketEmulatedChannel.h; sourceTree = "<group>"; };
		AFFFF06B172206C4009E34B5 /* KGWebSocketEmulatedChannel.m */ = {isa = PBXFileReference; fileEncoding = 4; lastKnownFileType = sourcecode.c.objc; path = KGWebSocketEmulatedChannel.m; sourceTree = "<group>"; };
		AFFFF06C172206C4009E34B5 /* KGWebSocketEmulatedDecoder.h */ = {isa = PBXFileReference; fileEncoding = 4; lastKnownFileType = sourcecode.c.h; path = KGWebSocketEmulatedDecoder.h; sourceTree = "<group>"; };
		AFFFF06D172206C4009E34B5 /* KGWebSocketEmulatedDecoder.m */ = {isa = PBXFileReference; fileEncoding = 4; lastKnownFileType = sourcecode.c.objc; path = KGWebSocketEmulatedDecoder.m; sourceTree = "<group>"; };
		AFFFF06E172206C4009E34B5 /* KGWebSocketEmulatedDecoderListener.h */ = {isa = PBXFileReference; fileEncoding = 4; lastKnownFileType = sourcecode.c.h; path = KGWebSocketEmulatedDecoderListener.h; sourceTree = "<group>"; };
		AFFFF06F172206C4009E34B5 /* KGWebSocketEmulatedEncoder.h */ = {isa = PBXFileReference; fileEncoding = 4; lastKnownFileType = sourcecode.c.h; path = KGWebSocketEmulatedEncoder.h; sourceTree = "<group>"; };
		AFFFF070172206C4009E34B5 /* KGWebSocketEmulatedEncoder.m */ = {isa = PBXFileReference; fileEncoding = 4; lastKnownFileType = sourcecode.c.objc; path = KGWebSocketEmulatedEncoder.m; sourceTree = "<group>"; };
		AFFFF071172206C4009E34B5 /* KGWebSocketEmulatedHandler.h */ = {isa = PBXFileReference; fileEncoding = 4; lastKnownFileType = sourcecode.c.h; path = KGWebSocketEmulatedHandler.h; sourceTree = "<group>"; };
		AFFFF072172206C4009E34B5 /* KGWebSocketEmulatedHandler.m */ = {isa = PBXFileReference; fileEncoding = 4; lastKnownFileType = sourcecode.c.objc; path = KGWebSocketEmulatedHandler.m; sourceTree = "<group>"; };
		AFFFF074172206C4009E34B5 /* KGWebSocketNativeAuthenticationHandler.h */ = {isa = PBXFileReference; fileEncoding = 4; lastKnownFileType = sourcecode.c.h; path = KGWebSocketNativeAuthenticationHandler.h; sourceTree = "<group>"; };
		AFFFF075172206C4009E34B5 /* KGWebSocketNativeAuthenticationHandler.m */ = {isa = PBXFileReference; fileEncoding = 4; lastKnownFileType = sourcecode.c.objc; path = KGWebSocketNativeAuthenticationHandler.m; sourceTree = "<group>"; };
		AFFFF076172206C4009E34B5 /* KGWebSocketNativeBalancingHandler.h */ = {isa = PBXFileReference; fileEncoding = 4; lastKnownFileType = sourcecode.c.h; path = KGWebSocketNativeBalancingHandler.h; sourceTree = "<group>"; };
		AFFFF077172206C4009E34B5 /* KGWebSocketNativeBalancingHandler.m */ = {isa = PBXFileReference; fileEncoding = 4; lastKnownFileType = sourcecode.c.objc; path = KGWebSocketNativeBalancingHandler.m; sourceTree = "<group>"; };
		AFFFF078172206C4009E34B5 /* KGWebSocketNativeChannel.h */ = {isa = PBXFileReference; fileEncoding = 4; lastKnownFileType = sourcecode.c.h; path = KGWebSocketNativeChannel.h; sourceTree = "<group>"; };
		AFFFF079172206C4009E34B5 /* KGWebSocketNativeChannel.m */ = {isa = PBXFileReference; fileEncoding = 4; lastKnownFileType = sourcecode.c.objc; path = KGWebSocketNativeChannel.m; sourceTree = "<group>"; };
		AFFFF07A172206C4009E34B5 /* KGWebSocketNativeCodec.h */ = {isa = PBXFileReference; fileEncoding = 4; lastKnownFileType = sourcecode.c.h; path = KGWebSocketNativeCodec.h; sourceTree = "<group>"; };
		AFFFF07B172206C4009E34B5 /* KGWebSocketNativeCodec.m */ = {isa = PBXFileReference; fileEncoding = 4; lastKnownFileType = sourcecode.c.objc; path = KGWebSocketNativeCodec.m; sourceTree = "<group>"; };
		AFFFF07C172206C4009E34B5 /* KGWebSocketNativeControlFrameHandler.h */ = {isa = PBXFileReference; fileEncoding = 4; lastKnownFileType = sourcecode.c.h; path = KGWebSocketNativeControlFrameHandler.h; sourceTree = "<group>"; };
		AFFFF07D172206C4009E34B5 /* KGWebSocketNativeControlFrameHandler.m */ = {isa = PBXFileReference; fileEncoding = 4; lastKnownFileType = sourcecode.c.objc; path = KGWebSocketNativeControlFrameHandler.m; sourceTree = "<group>"; };
		AFFFF07E172206C4009E34B5 /* KGWebSocketNativeDelegateHandler.h */ = {isa = PBXFileReference; fileEncoding = 4; lastKnownFileType = sourcecode.c.h; path = KGWebSocketNativeDelegateHandler.h; sourceTree = "<group>"; };
		AFFFF07F172206C4009E34B5 /* KGWebSocketNativeDelegateHandler.m */ = {isa = PBXFileReference; fileEncoding = 4; lastKnownFileType = sourcecode.c.objc; path = KGWebSocketNativeDelegateHandler.m; sourceTree = "<group>"; };
		AFFFF080172206C4009E34B5 /* KGWebSocketNativeEncoder.h */ = {isa = PBXFileReference; fileEncoding = 4; lastKnownFileType = sourcecode.c.h; path = KGWebSocketNativeEncoder.h; sourceTree = "<group>"; };
		AFFFF081172206C4009E34B5 /* KGWebSocketNativeEncoder.m */ = {isa = PBXFileReference; fileEncoding = 4; lastKnownFileType = sourcecode.c.objc; path = KGWebSocketNativeEncoder.m; sourceTree = "<group>"; };
		AFFFF082172206C4009E34B5 /* KGWebSocketNativeHandler.h */ = {isa = PBXFileReference; fileEncoding = 4; lastKnownFileType = sourcecode.c.h; path = KGWebSocketNativeHandler.h; sourceTree = "<group>"; };
		AFFFF083172206C4009E34B5 /* KGWebSocketNativeHandler.m */ = {isa = PBXFileReference; fileEncoding = 4; lastKnownFileType = sourcecode.c.objc; path = KGWebSocketNativeHandler.m; sourceTree = "<group>"; };
		AFFFF084172206C4009E34B5 /* KGWebSocketNativeHandshakeHandler.h */ = {isa = PBXFileReference; fileEncoding = 4; lastKnownFileType = sourcecode.c.h; path = KGWebSocketNativeHandshakeHandler.h; sourceTree = "<group>"; };
		AFFFF085172206C4009E34B5 /* KGWebSocketNativeHandshakeHandler.m */ = {isa = PBXFileReference; fileEncoding = 4; lastKnownFileType = sourcecode.c.objc; path = KGWebSocketNativeHandshakeHandler.m; sourceTree = "<group>"; };
		AFFFF086172206C4009E34B5 /* KGBase64Util.h */ = {isa = PBXFileReference; fileEncoding = 4; lastKnownFileType = sourcecode.c.h; path = KGBase64Util.h; sourceTree = "<group>"; };
		AFFFF087172206C4009E34B5 /* KGBase64Util.m */ = {isa = PBXFileReference; fileEncoding = 4; lastKnownFileType = sourcecode.c.objc; path = KGBase64Util.m; sourceTree = "<group>"; };
		AFFFF088172206C4009E34B5 /* KGByteBuffer.h */ = {isa = PBXFileReference; fileEncoding = 4; lastKnownFileType = sourcecode.c.h; path = KGByteBuffer.h; sourceTree = "<group>"; };
		AFFFF089172206C4009E34B5 /* KGByteBuffer.m */ = {isa = PBXFileReference; fileEncoding = 4; lastKnownFileType = sourcecode.c.objc; path = KGByteBuffer.m; sourceTree = "<group>"; };
		AFFFF08A172206C4009E34B5 /* KGWebSocket.h */ = {isa = PBXFileReference; fileEncoding = 4; lastKnownFileType = sourcecode.c.h; path = KGWebSocket.h; sourceTree = "<group>"; };
		AFFFF08B172206C4009E34B5 /* KGWebSocket.m */ = {isa = PBXFileReference; fileEncoding = 4; lastKnownFileType = sourcecode.c.objc; path = KGWebSocket.m; sourceTree = "<group>"; };
		AFFFF08C172206C4009E34B5 /* KGWebSocketDelegate.h */ = {isa = PBXFileReference; fileEncoding = 4; lastKnownFileType = sourcecode.c.h; path = KGWebSocketDelegate.h; sourceTree = "<group>"; };
		AFFFF08D172206C4009E34B5 /* KGWebSocketExtension.h */ = {isa = PBXFileReference; fileEncoding = 4; lastKnownFileType = sourcecode.c.h; path = KGWebSocketExtension.h; sourceTree = "<group>"; };
		AFFFF08E172206C4009E34B5 /* KGWebSocketExtension.m */ = {isa = PBXFileReference; fileEncoding = 4; lastKnownFileType = sourcecode.c.objc; path = KGWebSocketExtension.m; sourceTree = "<group>"; };
		AFFFF08F172206C4009E34B5 /* KGWebSocketFactory.h */ = {isa = PBXFileReference; fileEncoding = 4; lastKnownFileType = sourcecode.c.h; path = KGWebSocketFactory.h; sourceTree = "<group>"; };
		AFFFF090172206C4009E34B5 /* KGWebSocketFactory.m */ = {isa = PBXFileReference; fileEncoding = 4; lastKnownFileType = sourcecode.c.objc; path = KGWebSocketFactory.m; sourceTree = "<group>"; };
		AFFFF091172206C4009E34B5 /* NSString+KZNGAdditions.h */ = {isa = PBXFileReference; fileEncoding = 4; lastKnownFileType = sourcecode.c.h; path = "NSString+KZNGAdditions.h"; sourceTree = "<group>"; };
		AFFFF092172206C4009E34B5 /* NSString+KZNGAdditions.m */ = {isa = PBXFileReference; fileEncoding = 4; lastKnownFileType = sourcecode.c.objc; path = "NSString+KZNGAdditions.m"; sourceTree = "<group>"; };
		AFFFF094172206C4009E34B5 /* KGGenericURI.h */ = {isa = PBXFileReference; fileEncoding = 4; lastKnownFileType = sourcecode.c.h; path = KGGenericURI.h; sourceTree = "<group>"; };
		AFFFF095172206C4009E34B5 /* KGGenericURI.m */ = {isa = PBXFileReference; fileEncoding = 4; lastKnownFileType = sourcecode.c.objc; path = KGGenericURI.m; sourceTree = "<group>"; };
		AFFFF096172206C4009E34B5 /* KGHexUtil.h */ = {isa = PBXFileReference; fileEncoding = 4; lastKnownFileType = sourcecode.c.h; path = KGHexUtil.h; sourceTree = "<group>"; };
		AFFFF097172206C4009E34B5 /* KGHexUtil.m */ = {isa = PBXFileReference; fileEncoding = 4; lastKnownFileType = sourcecode.c.objc; path = KGHexUtil.m; sourceTree = "<group>"; };
		AFFFF098172206C4009E34B5 /* KGHttpURI.h */ = {isa = PBXFileReference; fileEncoding = 4; lastKnownFileType = sourcecode.c.h; path = KGHttpURI.h; sourceTree = "<group>"; };
		AFFFF099172206C4009E34B5 /* KGHttpURI.m */ = {isa = PBXFileReference; fileEncoding = 4; lastKnownFileType = sourcecode.c.objc; path = KGHttpURI.m; sourceTree = "<group>"; };
		AFFFF09A172206C4009E34B5 /* KGWSCompositeURI.h */ = {isa = PBXFileReference; fileEncoding = 4; lastKnownFileType = sourcecode.c.h; path = KGWSCompositeURI.h; sourceTree = "<group>"; };
		AFFFF09B172206C4009E34B5 /* KGWSCompositeURI.m */ = {isa = PBXFileReference; fileEncoding = 4; lastKnownFileType = sourcecode.c.objc; path = KGWSCompositeURI.m; sourceTree = "<group>"; };
		AFFFF09C172206C4009E34B5 /* KGWSURI.h */ = {isa = PBXFileReference; fileEncoding = 4; lastKnownFileType = sourcecode.c.h; path = KGWSURI.h; sourceTree = "<group>"; };
		AFFFF09D172206C4009E34B5 /* KGWSURI.m */ = {isa = PBXFileReference; fileEncoding = 4; lastKnownFileType = sourcecode.c.objc; path = KGWSURI.m; sourceTree = "<group>"; };
		AFFFF09E172206C4009E34B5 /* NSArray+KZNGAdditions.h */ = {isa = PBXFileReference; fileEncoding = 4; lastKnownFileType = sourcecode.c.h; path = "NSArray+KZNGAdditions.h"; sourceTree = "<group>"; };
		AFFFF09F172206C4009E34B5 /* NSArray+KZNGAdditions.m */ = {isa = PBXFileReference; fileEncoding = 4; lastKnownFileType = sourcecode.c.objc; path = "NSArray+KZNGAdditions.m"; sourceTree = "<group>"; };
		AFFFF0A0172206C4009E34B5 /* NSURL+KZNGAdditions.h */ = {isa = PBXFileReference; fileEncoding = 4; lastKnownFileType = sourcecode.c.h; path = "NSURL+KZNGAdditions.h"; sourceTree = "<group>"; };
		AFFFF0A1172206C4009E34B5 /* NSURL+KZNGAdditions.m */ = {isa = PBXFileReference; fileEncoding = 4; lastKnownFileType = sourcecode.c.objc; path = "NSURL+KZNGAdditions.m"; sourceTree = "<group>"; };
		AFFFF0A2172206C4009E34B5 /* HTML5.h */ = {isa = PBXFileReference; fileEncoding = 4; lastKnownFileType = sourcecode.c.h; path = HTML5.h; sourceTree = "<group>"; };
		AFFFF0A3172206C4009E34B5 /* HttpRequestIoHandler-Prefix.pch */ = {isa = PBXFileReference; fileEncoding = 4; lastKnownFileType = sourcecode.c.h; path = "HttpRequestIoHandler-Prefix.pch"; sourceTree = "<group>"; };
		AFFFF0A4172206C4009E34B5 /* LoginHandlerProvider.h */ = {isa = PBXFileReference; fileEncoding = 4; lastKnownFileType = sourcecode.c.h; path = LoginHandlerProvider.h; sourceTree = "<group>"; };
		AFFFF0A7172206C4009E34B5 /* BasicChallengeResponseFactory.h */ = {isa = PBXFileReference; fileEncoding = 4; lastKnownFileType = sourcecode.c.h; path = BasicChallengeResponseFactory.h; sourceTree = "<group>"; };
		AFFFF0A8172206C4009E34B5 /* BasicChallengeResponseFactory.m */ = {isa = PBXFileReference; fileEncoding = 4; lastKnownFileType = sourcecode.c.objc; path = BasicChallengeResponseFactory.m; sourceTree = "<group>"; };
		AFFFF0A9172206C4009E34B5 /* DefaultBasicChallengeHandler.h */ = {isa = PBXFileReference; fileEncoding = 4; lastKnownFileType = sourcecode.c.h; path = DefaultBasicChallengeHandler.h; sourceTree = "<group>"; };
		AFFFF0AA172206C4009E34B5 /* DefaultBasicChallengeHandler.m */ = {isa = PBXFileReference; fileEncoding = 4; lastKnownFileType = sourcecode.c.objc; path = DefaultBasicChallengeHandler.m; sourceTree = "<group>"; };
		AFFFF0AB172206C4009E34B5 /* DefaultDispatchChallengeHandler.h */ = {isa = PBXFileReference; fileEncoding = 4; lastKnownFileType = sourcecode.c.h; path = DefaultDispatchChallengeHandler.h; sourceTree = "<group>"; };
		AFFFF0AC172206C4009E34B5 /* DefaultDispatchChallengeHandler.m */ = {isa = PBXFileReference; fileEncoding = 4; lastKnownFileType = sourcecode.c.objc; path = DefaultDispatchChallengeHandler.m; sourceTree = "<group>"; };
		AFFFF0AD172206C4009E34B5 /* Node.h */ = {isa = PBXFileReference; fileEncoding = 4; lastKnownFileType = sourcecode.c.h; path = Node.h; sourceTree = "<group>"; };
		AFFFF0AE172206C4009E34B5 /* Node.m */ = {isa = PBXFileReference; fileEncoding = 4; lastKnownFileType = sourcecode.c.objc; path = Node.m; sourceTree = "<group>"; };
		AFFFF0AF172206C4009E34B5 /* OrderedDictionary.h */ = {isa = PBXFileReference; fileEncoding = 4; lastKnownFileType = sourcecode.c.h; path = OrderedDictionary.h; sourceTree = "<group>"; };
		AFFFF0B0172206C4009E34B5 /* OrderedDictionary.m */ = {isa = PBXFileReference; fileEncoding = 4; lastKnownFileType = sourcecode.c.objc; path = OrderedDictionary.m; sourceTree = "<group>"; };
		AFFFF0B1172206C4009E34B5 /* RealmUtils.h */ = {isa = PBXFileReference; fileEncoding = 4; lastKnownFileType = sourcecode.c.h; path = RealmUtils.h; sourceTree = "<group>"; };
		AFFFF0B2172206C4009E34B5 /* RealmUtils.m */ = {isa = PBXFileReference; fileEncoding = 4; lastKnownFileType = sourcecode.c.objc; path = RealmUtils.m; sourceTree = "<group>"; };
		AFFFF0B3172206C4009E34B5 /* Token.h */ = {isa = PBXFileReference; fileEncoding = 4; lastKnownFileType = sourcecode.c.h; path = Token.h; sourceTree = "<group>"; };
		AFFFF0B4172206C4009E34B5 /* Token.m */ = {isa = PBXFileReference; fileEncoding = 4; lastKnownFileType = sourcecode.c.objc; path = Token.m; sourceTree = "<group>"; };
		AFFFF0B5172206C4009E34B5 /* KGBasicChallengeHandler.h */ = {isa = PBXFileReference; fileEncoding = 4; lastKnownFileType = sourcecode.c.h; path = KGBasicChallengeHandler.h; sourceTree = "<group>"; };
		AFFFF0B6172206C4009E34B5 /* KGBasicChallengeHandler.m */ = {isa = PBXFileReference; fileEncoding = 4; lastKnownFileType = sourcecode.c.objc; path = KGBasicChallengeHandler.m; sourceTree = "<group>"; };
		AFFFF0B7172206C4009E34B5 /* KGChallengeHandler.h */ = {isa = PBXFileReference; fileEncoding = 4; lastKnownFileType = sourcecode.c.h; path = KGChallengeHandler.h; sourceTree = "<group>"; };
		AFFFF0B8172206C4009E34B5 /* KGChallengeHandler.m */ = {isa = PBXFileReference; fileEncoding = 4; lastKnownFileType = sourcecode.c.objc; path = KGChallengeHandler.m; sourceTree = "<group>"; };
		AFFFF0B9172206C4009E34B5 /* KGChallengeHandlers.h */ = {isa = PBXFileReference; fileEncoding = 4; lastKnownFileType = sourcecode.c.h; path = KGChallengeHandlers.h; sourceTree = "<group>"; };
		AFFFF0BA172206C4009E34B5 /* KGChallengeHandlers.m */ = {isa = PBXFileReference; fileEncoding = 4; lastKnownFileType = sourcecode.c.objc; path = KGChallengeHandlers.m; sourceTree = "<group>"; };
		AFFFF0BB172206C4009E34B5 /* KGChallengeRequest.h */ = {isa = PBXFileReference; fileEncoding = 4; lastKnownFileType = sourcecode.c.h; path = KGChallengeRequest.h; sourceTree = "<group>"; };
		AFFFF0BC172206C4009E34B5 /* KGChallengeRequest.m */ = {isa = PBXFileReference; fileEncoding = 4; lastKnownFileType = sourcecode.c.objc; path = KGChallengeRequest.m; sourceTree = "<group>"; };
		AFFFF0BD172206C4009E34B5 /* KGChallengeResponse.h */ = {isa = PBXFileReference; fileEncoding = 4; lastKnownFileType = sourcecode.c.h; path = KGChallengeResponse.h; sourceTree = "<group>"; };
		AFFFF0BE172206C4009E34B5 /* KGChallengeResponse.m */ = {isa = PBXFileReference; fileEncoding = 4; lastKnownFileType = sourcecode.c.objc; path = KGChallengeResponse.m; sourceTree = "<group>"; };
		AFFFF0BF172206C4009E34B5 /* KGDispatchChallengeHandler.h */ = {isa = PBXFileReference; fileEncoding = 4; lastKnownFileType = sourcecode.c.h; path = KGDispatchChallengeHandler.h; sourceTree = "<group>"; };
		AFFFF0C0172206C4009E34B5 /* KGDispatchChallengeHandler.m */ = {isa = PBXFileReference; fileEncoding = 4; lastKnownFileType = sourcecode.c.objc; path = KGDispatchChallengeHandler.m; sourceTree = "<group>"; };
		AFFFF0C1172206C4009E34B5 /* KGLoginHandler.h */ = {isa = PBXFileReference; fileEncoding = 4; lastKnownFileType = sourcecode.c.h; path = KGLoginHandler.h; sourceTree = "<group>"; };
		AFFFF0C2172206C4009E34B5 /* KGLoginHandler.m */ = {isa = PBXFileReference; fileEncoding = 4; lastKnownFileType = sourcecode.c.objc; path = KGLoginHandler.m; sourceTree = "<group>"; };
		AFFFF0C3172206C4009E34B5 /* KGNegotiableChallengeHandler.h */ = {isa = PBXFileReference; fileEncoding = 4; lastKnownFileType = sourcecode.c.h; path = KGNegotiableChallengeHandler.h; sourceTree = "<group>"; };
		AFFFF0C4172206C4009E34B5 /* KGNegotiableChallengeHandler.m */ = {isa = PBXFileReference; fileEncoding = 4; lastKnownFileType = sourcecode.c.objc; path = KGNegotiableChallengeHandler.m; sourceTree = "<group>"; };
		AFFFF0C5172206C4009E34B5 /* KGNegotiateChallengeHandler.h */ = {isa = PBXFileReference; fileEncoding = 4; lastKnownFileType = sourcecode.c.h; path = KGNegotiateChallengeHandler.h; sourceTree = "<group>"; };
		AFFFF0C6172206C4009E34B5 /* KGNegotiateChallengeHandler.m */ = {isa = PBXFileReference; fileEncoding = 4; lastKnownFileType = sourcecode.c.objc; path = KGNegotiateChallengeHandler.m; sourceTree = "<group>"; };
		AFFFF11B172207A9009E34B5 /* client.p12 */ = {isa = PBXFileReference; lastKnownFileType = file; path = client.p12; sourceTree = SOURCE_ROOT; };
/* End PBXFileReference section */

/* Begin PBXFrameworksBuildPhase section */
		A04CEC161591AB0400A0A93D /* Frameworks */ = {
			isa = PBXFrameworksBuildPhase;
			buildActionMask = 2147483647;
			files = (
				A003FCA11592112500BEE2C8 /* Security.framework in Frameworks */,
				A003FC9F1592111C00BEE2C8 /* CFNetwork.framework in Frameworks */,
				A003FC9D1592111400BEE2C8 /* libicucore.dylib in Frameworks */,
				A04CEC1E1591AB0400A0A93D /* UIKit.framework in Frameworks */,
				A04CEC201591AB0400A0A93D /* Foundation.framework in Frameworks */,
				A04CEC221591AB0400A0A93D /* CoreGraphics.framework in Frameworks */,
			);
			runOnlyForDeploymentPostprocessing = 0;
		};
		A04CEC361591AB0400A0A93D /* Frameworks */ = {
			isa = PBXFrameworksBuildPhase;
			buildActionMask = 2147483647;
			files = (
				A04CEC3C1591AB0400A0A93D /* SenTestingKit.framework in Frameworks */,
				A04CEC3D1591AB0400A0A93D /* UIKit.framework in Frameworks */,
				A04CEC3E1591AB0400A0A93D /* Foundation.framework in Frameworks */,
			);
			runOnlyForDeploymentPostprocessing = 0;
		};
/* End PBXFrameworksBuildPhase section */

/* Begin PBXGroup section */
		A04CEC0E1591AB0400A0A93D = {
			isa = PBXGroup;
			children = (
				AFFFF11B172207A9009E34B5 /* client.p12 */,
				AFFFEFFA172206A2009E34B5 /* Core */,
				A0D5E2E615A488B50022A77C /* Kaazing2.png */,
				A0D5E2E415A488420022A77C /* Kaazing.png */,
				A0A65FB8159DCBB800135AB6 /* Default.png */,
				A04CEC231591AB0400A0A93D /* html5.client.ios.demo */,
				A04CEC411591AB0400A0A93D /* html5.client.ios.demoTests */,
				A04CEC1C1591AB0400A0A93D /* Frameworks */,
				A04CEC1A1591AB0400A0A93D /* Products */,
			);
			sourceTree = "<group>";
		};
		A04CEC1A1591AB0400A0A93D /* Products */ = {
			isa = PBXGroup;
			children = (
				A04CEC191591AB0400A0A93D /* html5.client.ios.demo.app */,
				A04CEC3A1591AB0400A0A93D /* html5.client.ios.demoTests.octest */,
			);
			name = Products;
			sourceTree = "<group>";
		};
		A04CEC1C1591AB0400A0A93D /* Frameworks */ = {
			isa = PBXGroup;
			children = (
				A003FCA01592112500BEE2C8 /* Security.framework */,
				A003FC9E1592111C00BEE2C8 /* CFNetwork.framework */,
				A003FC9C1592111400BEE2C8 /* libicucore.dylib */,
				A04CEC1D1591AB0400A0A93D /* UIKit.framework */,
				A04CEC1F1591AB0400A0A93D /* Foundation.framework */,
				A04CEC211591AB0400A0A93D /* CoreGraphics.framework */,
				A04CEC3B1591AB0400A0A93D /* SenTestingKit.framework */,
			);
			name = Frameworks;
			sourceTree = "<group>";
		};
		A04CEC231591AB0400A0A93D /* html5.client.ios.demo */ = {
			isa = PBXGroup;
			children = (
				A04CEC2C1591AB0400A0A93D /* KGAppDelegate.h */,
				A04CEC2D1591AB0400A0A93D /* KGAppDelegate.m */,
				A04CEC2F1591AB0400A0A93D /* MainStoryboard.storyboard */,
				A04CEC321591AB0400A0A93D /* KGViewController.h */,
				A04CEC331591AB0400A0A93D /* KGViewController.m */,
				A04CEC241591AB0400A0A93D /* Supporting Files */,
			);
			path = html5.client.ios.demo;
			sourceTree = "<group>";
		};
		A04CEC241591AB0400A0A93D /* Supporting Files */ = {
			isa = PBXGroup;
			children = (
				A04CEC251591AB0400A0A93D /* html5.client.ios.demo-Info.plist */,
				A04CEC261591AB0400A0A93D /* InfoPlist.strings */,
				A04CEC291591AB0400A0A93D /* main.m */,
				A04CEC2B1591AB0400A0A93D /* html5.client.ios.demo-Prefix.pch */,
			);
			name = "Supporting Files";
			sourceTree = "<group>";
		};
		A04CEC411591AB0400A0A93D /* html5.client.ios.demoTests */ = {
			isa = PBXGroup;
			children = (
				A04CEC471591AB0500A0A93D /* html5_client_ios_demoTests.h */,
				A04CEC481591AB0500A0A93D /* html5_client_ios_demoTests.m */,
				A04CEC421591AB0400A0A93D /* Supporting Files */,
			);
			path = html5.client.ios.demoTests;
			sourceTree = "<group>";
		};
		A04CEC421591AB0400A0A93D /* Supporting Files */ = {
			isa = PBXGroup;
			children = (
				A04CEC431591AB0400A0A93D /* html5.client.ios.demoTests-Info.plist */,
				A04CEC441591AB0400A0A93D /* InfoPlist.strings */,
			);
			name = "Supporting Files";
			sourceTree = "<group>";
		};
		AFFFEFFA172206A2009E34B5 /* Core */ = {
			isa = PBXGroup;
			children = (
				AFFFEFFB172206C4009E34B5 /* objc */,
			);
			name = Core;
			sourceTree = "<group>";
		};
		AFFFEFFB172206C4009E34B5 /* objc */ = {
			isa = PBXGroup;
			children = (
				AFFFEFFC172206C4009E34B5 /* apns */,
				AFFFF009172206C4009E34B5 /* Core.h */,
				AFFFF00A172206C4009E34B5 /* html5 */,
				AFFFF0A2172206C4009E34B5 /* HTML5.h */,
				AFFFF0A3172206C4009E34B5 /* HttpRequestIoHandler-Prefix.pch */,
				AFFFF0A4172206C4009E34B5 /* LoginHandlerProvider.h */,
				AFFFF0A5172206C4009E34B5 /* security */,
			);
			name = objc;
			path = ../../../../../../branches/gateway/gateway.client.ios/3.5.x.y/src/main/objc;
			sourceTree = "<group>";
		};
		AFFFEFFC172206C4009E34B5 /* apns */ = {
			isa = PBXGroup;
			children = (
				AFFFEFFD172206C4009E34B5 /* KGAlertNotification.h */,
				AFFFEFFE172206C4009E34B5 /* KGApnsWebSocketExtension.h */,
				AFFFEFFF172206C4009E34B5 /* KGApnsWebSocketExtension.m */,
				AFFFF000172206C4009E34B5 /* KGBaseSoundNotification.h */,
				AFFFF001172206C4009E34B5 /* KGBaseSoundNotification.m */,
				AFFFF002172206C4009E34B5 /* KGLocalizedAlertNotification.h */,
				AFFFF003172206C4009E34B5 /* KGLocalizedAlertNotification.m */,
				AFFFF004172206C4009E34B5 /* KGNotificationPayload.h */,
				AFFFF005172206C4009E34B5 /* KGNotificationPayload.m */,
				AFFFF006172206C4009E34B5 /* KGSimpleAlertNotification.h */,
				AFFFF007172206C4009E34B5 /* KGSimpleAlertNotification.m */,
				AFFFF008172206C4009E34B5 /* KGSoundNotification.h */,
			);
			path = apns;
			sourceTree = "<group>";
		};
		AFFFF00A172206C4009E34B5 /* html5 */ = {
			isa = PBXGroup;
			children = (
				AFFFF00B172206C4009E34B5 /* impl */,
				AFFFF086172206C4009E34B5 /* KGBase64Util.h */,
				AFFFF087172206C4009E34B5 /* KGBase64Util.m */,
				AFFFF088172206C4009E34B5 /* KGByteBuffer.h */,
				AFFFF089172206C4009E34B5 /* KGByteBuffer.m */,
				AFFFF08A172206C4009E34B5 /* KGWebSocket.h */,
				AFFFF08B172206C4009E34B5 /* KGWebSocket.m */,
				AFFFF08C172206C4009E34B5 /* KGWebSocketDelegate.h */,
				AFFFF08D172206C4009E34B5 /* KGWebSocketExtension.h */,
				AFFFF08E172206C4009E34B5 /* KGWebSocketExtension.m */,
				AFFFF08F172206C4009E34B5 /* KGWebSocketFactory.h */,
				AFFFF090172206C4009E34B5 /* KGWebSocketFactory.m */,
				AFFFF091172206C4009E34B5 /* NSString+KZNGAdditions.h */,
				AFFFF092172206C4009E34B5 /* NSString+KZNGAdditions.m */,
				AFFFF093172206C4009E34B5 /* util */,
			);
			path = html5;
			sourceTree = "<group>";
		};
		AFFFF00B172206C4009E34B5 /* impl */ = {
			isa = PBXGroup;
			children = (
				AFFFF00C172206C4009E34B5 /* auth */,
				AFFFF00F172206C4009E34B5 /* http */,
				AFFFF022172206C4009E34B5 /* KGChannel.h */,
				AFFFF023172206C4009E34B5 /* KGChannel.m */,
				AFFFF024172206C4009E34B5 /* KGCommandMessage.h */,
				AFFFF025172206C4009E34B5 /* KGDecoderInput.h */,
				AFFFF026172206C4009E34B5 /* KGDecoderInput.m */,
				AFFFF027172206C4009E34B5 /* KGDecoderListener.h */,
				AFFFF028172206C4009E34B5 /* KGEncoderOutput.h */,
				AFFFF029172206C4009E34B5 /* KGHandler.h */,
				AFFFF02A172206C4009E34B5 /* KGTransportFactory.h */,
				AFFFF02B172206C4009E34B5 /* KGTransportFactory.m */,
				AFFFF02C172206C4009E34B5 /* KGWebSocketChannel.h */,
				AFFFF02D172206C4009E34B5 /* KGWebSocketChannel.m */,
				AFFFF02E172206C4009E34B5 /* KGWebSocketExtensionDelegate.h */,
				AFFFF02F172206C4009E34B5 /* KGWebSocketExtensionDelegate.m */,
				AFFFF030172206C4009E34B5 /* KGWebSocketFactoryDelegate.h */,
				AFFFF031172206C4009E34B5 /* KGWebSocketFactoryDelegate.m */,
				AFFFF032172206C4009E34B5 /* KGWebSocketHandler.h */,
				AFFFF033172206C4009E34B5 /* KGWebSocketHandlerAdapter.h */,
				AFFFF034172206C4009E34B5 /* KGWebSocketHandlerAdapter.m */,
				AFFFF035172206C4009E34B5 /* KGWebSocketHandlerListener.h */,
				AFFFF036172206C4009E34B5 /* transport */,
				AFFFF04B172206C4009E34B5 /* ws */,
				AFFFF05A172206C4009E34B5 /* wseb */,
				AFFFF073172206C4009E34B5 /* wsn */,
			);
			path = impl;
			sourceTree = "<group>";
		};
		AFFFF00C172206C4009E34B5 /* auth */ = {
			isa = PBXGroup;
			children = (
				AFFFF00D172206C4009E34B5 /* KGAuthenticationUtil.h */,
				AFFFF00E172206C4009E34B5 /* KGAuthenticationUtil.m */,
			);
			path = auth;
			sourceTree = "<group>";
		};
		AFFFF00F172206C4009E34B5 /* http */ = {
			isa = PBXGroup;
			children = (
				AFFFF010172206C4009E34B5 /* KGHttpRequest.h */,
				AFFFF011172206C4009E34B5 /* KGHttpRequest.m */,
				AFFFF012172206C4009E34B5 /* KGHttpRequestAuthenticationHandler.h */,
				AFFFF013172206C4009E34B5 /* KGHttpRequestAuthenticationHandler.m */,
				AFFFF014172206C4009E34B5 /* KGHttpRequestFactory.h */,
				AFFFF015172206C4009E34B5 /* KGHttpRequestHandler.h */,
				AFFFF016172206C4009E34B5 /* KGHttpRequestHandlerAdapter.h */,
				AFFFF017172206C4009E34B5 /* KGHttpRequestHandlerAdapter.m */,
				AFFFF018172206C4009E34B5 /* KGHttpRequestHandlerFactory.h */,
				AFFFF019172206C4009E34B5 /* KGHttpRequestIoHandler.h */,
				AFFFF01A172206C4009E34B5 /* KGHttpRequestIoHandler.m */,
				AFFFF01B172206C4009E34B5 /* KGHttpRequestListener.h */,
				AFFFF01C172206C4009E34B5 /* KGHttpRequestLoggingHandler.h */,
				AFFFF01D172206C4009E34B5 /* KGHttpRequestLoggingHandler.m */,
				AFFFF01E172206C4009E34B5 /* KGHttpRequestRedirectHandler.h */,
				AFFFF01F172206C4009E34B5 /* KGHttpRequestRedirectHandler.m */,
				AFFFF020172206C4009E34B5 /* KGHttpResponse.h */,
				AFFFF021172206C4009E34B5 /* KGHttpResponse.m */,
			);
			path = http;
			sourceTree = "<group>";
		};
		AFFFF036172206C4009E34B5 /* transport */ = {
			isa = PBXGroup;
			children = (
				AFFFF037172206C4009E34B5 /* KGAuthenticateEvent.h */,
				AFFFF038172206C4009E34B5 /* KGAuthenticateEvent.m */,
				AFFFF039172206C4009E34B5 /* KGCloseEvent.h */,
				AFFFF03A172206C4009E34B5 /* KGCloseEvent.m */,
				AFFFF03B172206C4009E34B5 /* KGErrorEvent.h */,
				AFFFF03C172206C4009E34B5 /* KGErrorEvent.m */,
				AFFFF03D172206C4009E34B5 /* KGEvent.h */,
				AFFFF03E172206C4009E34B5 /* KGEvent.m */,
				AFFFF03F172206C4009E34B5 /* KGMessageEvent.h */,
				AFFFF040172206C4009E34B5 /* KGMessageEvent.m */,
				AFFFF041172206C4009E34B5 /* KGOpenEvent.h */,
				AFFFF042172206C4009E34B5 /* KGOpenEvent.m */,
				AFFFF043172206C4009E34B5 /* KGRedirectEvent.h */,
				AFFFF044172206C4009E34B5 /* KGRedirectEvent.m */,
				AFFFF045172206C4009E34B5 /* KGWebSocketDelegateImpl.h */,
				AFFFF046172206C4009E34B5 /* KGWebSocketDelegateImpl.m */,
				AFFFF047172206C4009E34B5 /* KGWebSocketDelegateListener.h */,
				AFFFF048172206C4009E34B5 /* KGWebSocketNaiveDelegate.h */,
				AFFFF049172206C4009E34B5 /* KGWsMessage.h */,
				AFFFF04A172206C4009E34B5 /* KGWsMessage.m */,
			);
			path = transport;
			sourceTree = "<group>";
		};
		AFFFF04B172206C4009E34B5 /* ws */ = {
			isa = PBXGroup;
			children = (
				AFFFF04C172206C4009E34B5 /* KGWebSocketCompositeChannel.h */,
				AFFFF04D172206C4009E34B5 /* KGWebSocketCompositeChannel.m */,
				AFFFF04E172206C4009E34B5 /* KGWebSocketCompositeHandler.h */,
				AFFFF04F172206C4009E34B5 /* KGWebSocketCompositeHandler.m */,
				AFFFF050172206C4009E34B5 /* KGWebSocketHandshakeObject.h */,
				AFFFF051172206C4009E34B5 /* KGWebSocketHandshakeObject.m */,
				AFFFF052172206C4009E34B5 /* KGWebSocketLogginHandler.h */,
				AFFFF053172206C4009E34B5 /* KGWebSocketLogginHandler.m */,
				AFFFF054172206C4009E34B5 /* KGWebSocketReAuthenticateHandler.h */,
				AFFFF055172206C4009E34B5 /* KGWebSocketReAuthenticateHandler.m */,
				AFFFF056172206C4009E34B5 /* KGWebSocketSelectedChannel.h */,
				AFFFF057172206C4009E34B5 /* KGWebSocketSelectedChannel.m */,
				AFFFF058172206C4009E34B5 /* KGWebSocketSelectedHandler.h */,
				AFFFF059172206C4009E34B5 /* KGWebSocketSelectedHandler.m */,
			);
			path = ws;
			sourceTree = "<group>";
		};
		AFFFF05A172206C4009E34B5 /* wseb */ = {
			isa = PBXGroup;
			children = (
				AFFFF05B172206C4009E34B5 /* KGCreateChannel.h */,
				AFFFF05C172206C4009E34B5 /* KGCreateChannel.m */,
				AFFFF05D172206C4009E34B5 /* KGCreateHandler.h */,
				AFFFF05E172206C4009E34B5 /* KGCreateHandler.m */,
				AFFFF05F172206C4009E34B5 /* KGCreateHandlerListener.h */,
				AFFFF060172206C4009E34B5 /* KGDownstreamChannel.h */,
				AFFFF061172206C4009E34B5 /* KGDownstreamChannel.m */,
				AFFFF062172206C4009E34B5 /* KGDownstreamHandler.h */,
				AFFFF063172206C4009E34B5 /* KGDownstreamHandler.m */,
				AFFFF064172206C4009E34B5 /* KGDownstreamHandlerListener.h */,
				AFFFF065172206C4009E34B5 /* KGUpstreamChannel.h */,
				AFFFF066172206C4009E34B5 /* KGUpstreamChannel.m */,
				AFFFF067172206C4009E34B5 /* KGUpstreamHandler.h */,
				AFFFF068172206C4009E34B5 /* KGUpstreamHandler.m */,
				AFFFF069172206C4009E34B5 /* KGUpstreamHandlerListener.h */,
				AFFFF06A172206C4009E34B5 /* KGWebSocketEmulatedChannel.h */,
				AFFFF06B172206C4009E34B5 /* KGWebSocketEmulatedChannel.m */,
				AFFFF06C172206C4009E34B5 /* KGWebSocketEmulatedDecoder.h */,
				AFFFF06D172206C4009E34B5 /* KGWebSocketEmulatedDecoder.m */,
				AFFFF06E172206C4009E34B5 /* KGWebSocketEmulatedDecoderListener.h */,
				AFFFF06F172206C4009E34B5 /* KGWebSocketEmulatedEncoder.h */,
				AFFFF070172206C4009E34B5 /* KGWebSocketEmulatedEncoder.m */,
				AFFFF071172206C4009E34B5 /* KGWebSocketEmulatedHandler.h */,
				AFFFF072172206C4009E34B5 /* KGWebSocketEmulatedHandler.m */,
			);
			path = wseb;
			sourceTree = "<group>";
		};
		AFFFF073172206C4009E34B5 /* wsn */ = {
			isa = PBXGroup;
			children = (
				AFFFF074172206C4009E34B5 /* KGWebSocketNativeAuthenticationHandler.h */,
				AFFFF075172206C4009E34B5 /* KGWebSocketNativeAuthenticationHandler.m */,
				AFFFF076172206C4009E34B5 /* KGWebSocketNativeBalancingHandler.h */,
				AFFFF077172206C4009E34B5 /* KGWebSocketNativeBalancingHandler.m */,
				AFFFF078172206C4009E34B5 /* KGWebSocketNativeChannel.h */,
				AFFFF079172206C4009E34B5 /* KGWebSocketNativeChannel.m */,
				AFFFF07A172206C4009E34B5 /* KGWebSocketNativeCodec.h */,
				AFFFF07B172206C4009E34B5 /* KGWebSocketNativeCodec.m */,
				AFFFF07C172206C4009E34B5 /* KGWebSocketNativeControlFrameHandler.h */,
				AFFFF07D172206C4009E34B5 /* KGWebSocketNativeControlFrameHandler.m */,
				AFFFF07E172206C4009E34B5 /* KGWebSocketNativeDelegateHandler.h */,
				AFFFF07F172206C4009E34B5 /* KGWebSocketNativeDelegateHandler.m */,
				AFFFF080172206C4009E34B5 /* KGWebSocketNativeEncoder.h */,
				AFFFF081172206C4009E34B5 /* KGWebSocketNativeEncoder.m */,
				AFFFF082172206C4009E34B5 /* KGWebSocketNativeHandler.h */,
				AFFFF083172206C4009E34B5 /* KGWebSocketNativeHandler.m */,
				AFFFF084172206C4009E34B5 /* KGWebSocketNativeHandshakeHandler.h */,
				AFFFF085172206C4009E34B5 /* KGWebSocketNativeHandshakeHandler.m */,
			);
			path = wsn;
			sourceTree = "<group>";
		};
		AFFFF093172206C4009E34B5 /* util */ = {
			isa = PBXGroup;
			children = (
				AFFFF094172206C4009E34B5 /* KGGenericURI.h */,
				AFFFF095172206C4009E34B5 /* KGGenericURI.m */,
				AFFFF096172206C4009E34B5 /* KGHexUtil.h */,
				AFFFF097172206C4009E34B5 /* KGHexUtil.m */,
				AFFFF098172206C4009E34B5 /* KGHttpURI.h */,
				AFFFF099172206C4009E34B5 /* KGHttpURI.m */,
				AFFFF09A172206C4009E34B5 /* KGWSCompositeURI.h */,
				AFFFF09B172206C4009E34B5 /* KGWSCompositeURI.m */,
				AFFFF09C172206C4009E34B5 /* KGWSURI.h */,
				AFFFF09D172206C4009E34B5 /* KGWSURI.m */,
				AFFFF09E172206C4009E34B5 /* NSArray+KZNGAdditions.h */,
				AFFFF09F172206C4009E34B5 /* NSArray+KZNGAdditions.m */,
				AFFFF0A0172206C4009E34B5 /* NSURL+KZNGAdditions.h */,
				AFFFF0A1172206C4009E34B5 /* NSURL+KZNGAdditions.m */,
			);
			path = util;
			sourceTree = "<group>";
		};
		AFFFF0A5172206C4009E34B5 /* security */ = {
			isa = PBXGroup;
			children = (
				AFFFF0A6172206C4009E34B5 /* impl */,
				AFFFF0B5172206C4009E34B5 /* KGBasicChallengeHandler.h */,
				AFFFF0B6172206C4009E34B5 /* KGBasicChallengeHandler.m */,
				AFFFF0B7172206C4009E34B5 /* KGChallengeHandler.h */,
				AFFFF0B8172206C4009E34B5 /* KGChallengeHandler.m */,
				AFFFF0B9172206C4009E34B5 /* KGChallengeHandlers.h */,
				AFFFF0BA172206C4009E34B5 /* KGChallengeHandlers.m */,
				AFFFF0BB172206C4009E34B5 /* KGChallengeRequest.h */,
				AFFFF0BC172206C4009E34B5 /* KGChallengeRequest.m */,
				AFFFF0BD172206C4009E34B5 /* KGChallengeResponse.h */,
				AFFFF0BE172206C4009E34B5 /* KGChallengeResponse.m */,
				AFFFF0BF172206C4009E34B5 /* KGDispatchChallengeHandler.h */,
				AFFFF0C0172206C4009E34B5 /* KGDispatchChallengeHandler.m */,
				AFFFF0C1172206C4009E34B5 /* KGLoginHandler.h */,
				AFFFF0C2172206C4009E34B5 /* KGLoginHandler.m */,
				AFFFF0C3172206C4009E34B5 /* KGNegotiableChallengeHandler.h */,
				AFFFF0C4172206C4009E34B5 /* KGNegotiableChallengeHandler.m */,
				AFFFF0C5172206C4009E34B5 /* KGNegotiateChallengeHandler.h */,
				AFFFF0C6172206C4009E34B5 /* KGNegotiateChallengeHandler.m */,
			);
			path = security;
			sourceTree = "<group>";
		};
		AFFFF0A6172206C4009E34B5 /* impl */ = {
			isa = PBXGroup;
			children = (
				AFFFF0A7172206C4009E34B5 /* BasicChallengeResponseFactory.h */,
				AFFFF0A8172206C4009E34B5 /* BasicChallengeResponseFactory.m */,
				AFFFF0A9172206C4009E34B5 /* DefaultBasicChallengeHandler.h */,
				AFFFF0AA172206C4009E34B5 /* DefaultBasicChallengeHandler.m */,
				AFFFF0AB172206C4009E34B5 /* DefaultDispatchChallengeHandler.h */,
				AFFFF0AC172206C4009E34B5 /* DefaultDispatchChallengeHandler.m */,
				AFFFF0AD172206C4009E34B5 /* Node.h */,
				AFFFF0AE172206C4009E34B5 /* Node.m */,
				AFFFF0AF172206C4009E34B5 /* OrderedDictionary.h */,
				AFFFF0B0172206C4009E34B5 /* OrderedDictionary.m */,
				AFFFF0B1172206C4009E34B5 /* RealmUtils.h */,
				AFFFF0B2172206C4009E34B5 /* RealmUtils.m */,
				AFFFF0B3172206C4009E34B5 /* Token.h */,
				AFFFF0B4172206C4009E34B5 /* Token.m */,
			);
			path = impl;
			sourceTree = "<group>";
		};
/* End PBXGroup section */

/* Begin PBXNativeTarget section */
		A04CEC181591AB0400A0A93D /* html5.client.ios.demo */ = {
			isa = PBXNativeTarget;
			buildConfigurationList = A04CEC4C1591AB0500A0A93D /* Build configuration list for PBXNativeTarget "html5.client.ios.demo" */;
			buildPhases = (
				A04CEC151591AB0400A0A93D /* Sources */,
				A04CEC161591AB0400A0A93D /* Frameworks */,
				A04CEC171591AB0400A0A93D /* Resources */,
			);
			buildRules = (
			);
			dependencies = (
			);
			name = html5.client.ios.demo;
			productName = html5.client.ios.demo;
			productReference = A04CEC191591AB0400A0A93D /* html5.client.ios.demo.app */;
			productType = "com.apple.product-type.application";
		};
		A04CEC391591AB0400A0A93D /* html5.client.ios.demoTests */ = {
			isa = PBXNativeTarget;
			buildConfigurationList = A04CEC4F1591AB0500A0A93D /* Build configuration list for PBXNativeTarget "html5.client.ios.demoTests" */;
			buildPhases = (
				A04CEC351591AB0400A0A93D /* Sources */,
				A04CEC361591AB0400A0A93D /* Frameworks */,
				A04CEC371591AB0400A0A93D /* Resources */,
				A04CEC381591AB0400A0A93D /* ShellScript */,
			);
			buildRules = (
			);
			dependencies = (
				A04CEC401591AB0400A0A93D /* PBXTargetDependency */,
			);
			name = html5.client.ios.demoTests;
			productName = html5.client.ios.demoTests;
			productReference = A04CEC3A1591AB0400A0A93D /* html5.client.ios.demoTests.octest */;
			productType = "com.apple.product-type.bundle";
		};
/* End PBXNativeTarget section */

/* Begin PBXProject section */
		A04CEC101591AB0400A0A93D /* Project object */ = {
			isa = PBXProject;
			attributes = {
				CLASSPREFIX = KG;
				LastUpgradeCheck = 0430;
				ORGANIZATIONNAME = Kaazing;
			};
			buildConfigurationList = A04CEC131591AB0400A0A93D /* Build configuration list for PBXProject "html5.client.ios.demo" */;
			compatibilityVersion = "Xcode 3.2";
			developmentRegion = English;
			hasScannedForEncodings = 0;
			knownRegions = (
				en,
			);
			mainGroup = A04CEC0E1591AB0400A0A93D;
			productRefGroup = A04CEC1A1591AB0400A0A93D /* Products */;
			projectDirPath = "";
			projectRoot = "";
			targets = (
				A04CEC181591AB0400A0A93D /* html5.client.ios.demo */,
				A04CEC391591AB0400A0A93D /* html5.client.ios.demoTests */,
			);
		};
/* End PBXProject section */

/* Begin PBXResourcesBuildPhase section */
		A04CEC171591AB0400A0A93D /* Resources */ = {
			isa = PBXResourcesBuildPhase;
			buildActionMask = 2147483647;
			files = (
				A04CEC281591AB0400A0A93D /* InfoPlist.strings in Resources */,
				A04CEC311591AB0400A0A93D /* MainStoryboard.storyboard in Resources */,
				A0A65FB9159DCBB800135AB6 /* Default.png in Resources */,
				A0D5E2E515A488420022A77C /* Kaazing.png in Resources */,
				A0D5E2E715A488B50022A77C /* Kaazing2.png in Resources */,
				AFFFF11C172207A9009E34B5 /* client.p12 in Resources */,
			);
			runOnlyForDeploymentPostprocessing = 0;
		};
		A04CEC371591AB0400A0A93D /* Resources */ = {
			isa = PBXResourcesBuildPhase;
			buildActionMask = 2147483647;
			files = (
				A04CEC461591AB0400A0A93D /* InfoPlist.strings in Resources */,
			);
			runOnlyForDeploymentPostprocessing = 0;
		};
/* End PBXResourcesBuildPhase section */

/* Begin PBXShellScriptBuildPhase section */
		A04CEC381591AB0400A0A93D /* ShellScript */ = {
			isa = PBXShellScriptBuildPhase;
			buildActionMask = 2147483647;
			files = (
			);
			inputPaths = (
			);
			outputPaths = (
			);
			runOnlyForDeploymentPostprocessing = 0;
			shellPath = /bin/sh;
			shellScript = "# Run the unit tests in this test bundle.\n\"${SYSTEM_DEVELOPER_DIR}/Tools/RunUnitTests\"\n";
		};
/* End PBXShellScriptBuildPhase section */

/* Begin PBXSourcesBuildPhase section */
		A04CEC151591AB0400A0A93D /* Sources */ = {
			isa = PBXSourcesBuildPhase;
			buildActionMask = 2147483647;
			files = (
				A04CEC2A1591AB0400A0A93D /* main.m in Sources */,
				A04CEC2E1591AB0400A0A93D /* KGAppDelegate.m in Sources */,
				A04CEC341591AB0400A0A93D /* KGViewController.m in Sources */,
				AFFFF0C7172206C4009E34B5 /* KGApnsWebSocketExtension.m in Sources */,
				AFFFF0C8172206C4009E34B5 /* KGBaseSoundNotification.m in Sources */,
				AFFFF0C9172206C4009E34B5 /* KGLocalizedAlertNotification.m in Sources */,
				AFFFF0CA172206C4009E34B5 /* KGNotificationPayload.m in Sources */,
				AFFFF0CB172206C4009E34B5 /* KGSimpleAlertNotification.m in Sources */,
				AFFFF0CC172206C4009E34B5 /* KGAuthenticationUtil.m in Sources */,
				AFFFF0CD172206C4009E34B5 /* KGHttpRequest.m in Sources */,
				AFFFF0CE172206C4009E34B5 /* KGHttpRequestAuthenticationHandler.m in Sources */,
				AFFFF0CF172206C4009E34B5 /* KGHttpRequestHandlerAdapter.m in Sources */,
				AFFFF0D0172206C4009E34B5 /* KGHttpRequestIoHandler.m in Sources */,
				AFFFF0D1172206C4009E34B5 /* KGHttpRequestLoggingHandler.m in Sources */,
				AFFFF0D2172206C4009E34B5 /* KGHttpRequestRedirectHandler.m in Sources */,
				AFFFF0D3172206C4009E34B5 /* KGHttpResponse.m in Sources */,
				AFFFF0D4172206C4009E34B5 /* KGChannel.m in Sources */,
				AFFFF0D5172206C4009E34B5 /* KGDecoderInput.m in Sources */,
				AFFFF0D6172206C4009E34B5 /* KGTransportFactory.m in Sources */,
				AFFFF0D7172206C4009E34B5 /* KGWebSocketChannel.m in Sources */,
				AFFFF0D8172206C4009E34B5 /* KGWebSocketExtensionDelegate.m in Sources */,
				AFFFF0D9172206C4009E34B5 /* KGWebSocketFactoryDelegate.m in Sources */,
				AFFFF0DA172206C4009E34B5 /* KGWebSocketHandlerAdapter.m in Sources */,
				AFFFF0DB172206C4009E34B5 /* KGAuthenticateEvent.m in Sources */,
				AFFFF0DC172206C4009E34B5 /* KGCloseEvent.m in Sources */,
				AFFFF0DD172206C4009E34B5 /* KGErrorEvent.m in Sources */,
				AFFFF0DE172206C4009E34B5 /* KGEvent.m in Sources */,
				AFFFF0DF172206C4009E34B5 /* KGMessageEvent.m in Sources */,
				AFFFF0E0172206C4009E34B5 /* KGOpenEvent.m in Sources */,
				AFFFF0E1172206C4009E34B5 /* KGRedirectEvent.m in Sources */,
				AFFFF0E2172206C4009E34B5 /* KGWebSocketDelegateImpl.m in Sources */,
				AFFFF0E3172206C4009E34B5 /* KGWsMessage.m in Sources */,
				AFFFF0E4172206C4009E34B5 /* KGWebSocketCompositeChannel.m in Sources */,
				AFFFF0E5172206C4009E34B5 /* KGWebSocketCompositeHandler.m in Sources */,
				AFFFF0E6172206C4009E34B5 /* KGWebSocketHandshakeObject.m in Sources */,
				AFFFF0E7172206C4009E34B5 /* KGWebSocketLogginHandler.m in Sources */,
				AFFFF0E8172206C4009E34B5 /* KGWebSocketReAuthenticateHandler.m in Sources */,
				AFFFF0E9172206C4009E34B5 /* KGWebSocketSelectedChannel.m in Sources */,
				AFFFF0EA172206C4009E34B5 /* KGWebSocketSelectedHandler.m in Sources */,
				AFFFF0EB172206C4009E34B5 /* KGCreateChannel.m in Sources */,
				AFFFF0EC172206C4009E34B5 /* KGCreateHandler.m in Sources */,
				AFFFF0ED172206C4009E34B5 /* KGDownstreamChannel.m in Sources */,
				AFFFF0EE172206C4009E34B5 /* KGDownstreamHandler.m in Sources */,
				AFFFF0EF172206C4009E34B5 /* KGUpstreamChannel.m in Sources */,
				AFFFF0F0172206C4009E34B5 /* KGUpstreamHandler.m in Sources */,
				AFFFF0F1172206C4009E34B5 /* KGWebSocketEmulatedChannel.m in Sources */,
				AFFFF0F2172206C4009E34B5 /* KGWebSocketEmulatedDecoder.m in Sources */,
				AFFFF0F3172206C4009E34B5 /* KGWebSocketEmulatedEncoder.m in Sources */,
				AFFFF0F4172206C4009E34B5 /* KGWebSocketEmulatedHandler.m in Sources */,
				AFFFF0F5172206C4009E34B5 /* KGWebSocketNativeAuthenticationHandler.m in Sources */,
				AFFFF0F6172206C4009E34B5 /* KGWebSocketNativeBalancingHandler.m in Sources */,
				AFFFF0F7172206C4009E34B5 /* KGWebSocketNativeChannel.m in Sources */,
				AFFFF0F8172206C4009E34B5 /* KGWebSocketNativeCodec.m in Sources */,
				AFFFF0F9172206C4009E34B5 /* KGWebSocketNativeControlFrameHandler.m in Sources */,
				AFFFF0FA172206C4009E34B5 /* KGWebSocketNativeDelegateHandler.m in Sources */,
				AFFFF0FB172206C4009E34B5 /* KGWebSocketNativeEncoder.m in Sources */,
				AFFFF0FC172206C4009E34B5 /* KGWebSocketNativeHandler.m in Sources */,
				AFFFF0FD172206C4009E34B5 /* KGWebSocketNativeHandshakeHandler.m in Sources */,
				AFFFF0FE172206C4009E34B5 /* KGBase64Util.m in Sources */,
				AFFFF0FF172206C4009E34B5 /* KGByteBuffer.m in Sources */,
				AFFFF100172206C4009E34B5 /* KGWebSocket.m in Sources */,
				AFFFF101172206C4009E34B5 /* KGWebSocketExtension.m in Sources */,
				AFFFF102172206C4009E34B5 /* KGWebSocketFactory.m in Sources */,
				AFFFF103172206C4009E34B5 /* NSString+KZNGAdditions.m in Sources */,
				AFFFF104172206C4009E34B5 /* KGGenericURI.m in Sources */,
				AFFFF105172206C4009E34B5 /* KGHexUtil.m in Sources */,
				AFFFF106172206C4009E34B5 /* KGHttpURI.m in Sources */,
				AFFFF107172206C4009E34B5 /* KGWSCompositeURI.m in Sources */,
				AFFFF108172206C4009E34B5 /* KGWSURI.m in Sources */,
				AFFFF109172206C4009E34B5 /* NSArray+KZNGAdditions.m in Sources */,
				AFFFF10A172206C4009E34B5 /* NSURL+KZNGAdditions.m in Sources */,
				AFFFF10B172206C4009E34B5 /* BasicChallengeResponseFactory.m in Sources */,
				AFFFF10C172206C4009E34B5 /* DefaultBasicChallengeHandler.m in Sources */,
				AFFFF10D172206C4009E34B5 /* DefaultDispatchChallengeHandler.m in Sources */,
				AFFFF10E172206C4009E34B5 /* Node.m in Sources */,
				AFFFF10F172206C4009E34B5 /* OrderedDictionary.m in Sources */,
				AFFFF110172206C4009E34B5 /* RealmUtils.m in Sources */,
				AFFFF111172206C4009E34B5 /* Token.m in Sources */,
				AFFFF112172206C4009E34B5 /* KGBasicChallengeHandler.m in Sources */,
				AFFFF113172206C4009E34B5 /* KGChallengeHandler.m in Sources */,
				AFFFF114172206C4009E34B5 /* KGChallengeHandlers.m in Sources */,
				AFFFF115172206C4009E34B5 /* KGChallengeRequest.m in Sources */,
				AFFFF116172206C4009E34B5 /* KGChallengeResponse.m in Sources */,
				AFFFF117172206C4009E34B5 /* KGDispatchChallengeHandler.m in Sources */,
				AFFFF118172206C4009E34B5 /* KGLoginHandler.m in Sources */,
				AFFFF119172206C4009E34B5 /* KGNegotiableChallengeHandler.m in Sources */,
				AFFFF11A172206C4009E34B5 /* KGNegotiateChallengeHandler.m in Sources */,
			);
			runOnlyForDeploymentPostprocessing = 0;
		};
		A04CEC351591AB0400A0A93D /* Sources */ = {
			isa = PBXSourcesBuildPhase;
			buildActionMask = 2147483647;
			files = (
				A04CEC491591AB0500A0A93D /* html5_client_ios_demoTests.m in Sources */,
			);
			runOnlyForDeploymentPostprocessing = 0;
		};
/* End PBXSourcesBuildPhase section */

/* Begin PBXTargetDependency section */
		A04CEC401591AB0400A0A93D /* PBXTargetDependency */ = {
			isa = PBXTargetDependency;
			target = A04CEC181591AB0400A0A93D /* html5.client.ios.demo */;
			targetProxy = A04CEC3F1591AB0400A0A93D /* PBXContainerItemProxy */;
		};
/* End PBXTargetDependency section */

/* Begin PBXVariantGroup section */
		A04CEC261591AB0400A0A93D /* InfoPlist.strings */ = {
			isa = PBXVariantGroup;
			children = (
				A04CEC271591AB0400A0A93D /* en */,
			);
			name = InfoPlist.strings;
			sourceTree = "<group>";
		};
		A04CEC2F1591AB0400A0A93D /* MainStoryboard.storyboard */ = {
			isa = PBXVariantGroup;
			children = (
				A04CEC301591AB0400A0A93D /* en */,
			);
			name = MainStoryboard.storyboard;
			sourceTree = "<group>";
		};
		A04CEC441591AB0400A0A93D /* InfoPlist.strings */ = {
			isa = PBXVariantGroup;
			children = (
				A04CEC451591AB0400A0A93D /* en */,
			);
			name = InfoPlist.strings;
			sourceTree = "<group>";
		};
/* End PBXVariantGroup section */

/* Begin XCBuildConfiguration section */
		A04CEC4A1591AB0500A0A93D /* Debug */ = {
			isa = XCBuildConfiguration;
			buildSettings = {
				ALWAYS_SEARCH_USER_PATHS = NO;
				ARCHS = "$(ARCHS_STANDARD_32_BIT)";
				CLANG_ENABLE_OBJC_ARC = YES;
				"CODE_SIGN_IDENTITY[sdk=iphoneos*]" = "iPhone Developer";
				COPY_PHASE_STRIP = NO;
				GCC_C_LANGUAGE_STANDARD = gnu99;
				GCC_DYNAMIC_NO_PIC = NO;
				GCC_OPTIMIZATION_LEVEL = 0;
				GCC_PREPROCESSOR_DEFINITIONS = (
					"DEBUG=1",
					"$(inherited)",
				);
				GCC_SYMBOLS_PRIVATE_EXTERN = NO;
				GCC_VERSION = com.apple.compilers.llvm.clang.1_0;
				GCC_WARN_ABOUT_RETURN_TYPE = YES;
				GCC_WARN_UNINITIALIZED_AUTOS = YES;
				GCC_WARN_UNUSED_VARIABLE = YES;
				IPHONEOS_DEPLOYMENT_TARGET = 5.1;
				ONLY_ACTIVE_ARCH = NO;
				SDKROOT = iphoneos;
				VALID_ARCHS = "$(ARCHS_STANDARD_32_BIT) i386";
			};
			name = Debug;
		};
		A04CEC4B1591AB0500A0A93D /* Release */ = {
			isa = XCBuildConfiguration;
			buildSettings = {
				ALWAYS_SEARCH_USER_PATHS = NO;
				ARCHS = "$(ARCHS_STANDARD_32_BIT)";
				CLANG_ENABLE_OBJC_ARC = YES;
				"CODE_SIGN_IDENTITY[sdk=iphoneos*]" = "iPhone Developer";
				COPY_PHASE_STRIP = YES;
				GCC_C_LANGUAGE_STANDARD = gnu99;
				GCC_VERSION = com.apple.compilers.llvm.clang.1_0;
				GCC_WARN_ABOUT_RETURN_TYPE = YES;
				GCC_WARN_UNINITIALIZED_AUTOS = YES;
				GCC_WARN_UNUSED_VARIABLE = YES;
				IPHONEOS_DEPLOYMENT_TARGET = 5.1;
				ONLY_ACTIVE_ARCH = NO;
				OTHER_CFLAGS = "-DNS_BLOCK_ASSERTIONS=1";
				SDKROOT = iphoneos;
				VALIDATE_PRODUCT = YES;
				VALID_ARCHS = "$(ARCHS_STANDARD_32_BIT) i386";
			};
			name = Release;
		};
		A04CEC4D1591AB0500A0A93D /* Debug */ = {
			isa = XCBuildConfiguration;
			buildSettings = {
				GCC_PRECOMPILE_PREFIX_HEADER = YES;
				GCC_PREFIX_HEADER = "html5.client.ios.demo/html5.client.ios.demo-Prefix.pch";
				HEADER_SEARCH_PATHS = "\"$(SRCROOT)/usr/\"";
				INFOPLIST_FILE = "html5.client.ios.demo/html5.client.ios.demo-Info.plist";
				LIBRARY_SEARCH_PATHS = (
					"$(inherited)",
					"\"$(SRCROOT)/usr/lib\"",
					"\"$(SRCROOT)/usr\"",
				);
				OTHER_LDFLAGS = (
					"-all_load",
					"-ObjC",
				);
				PRODUCT_NAME = "$(TARGET_NAME)";
				WRAPPER_EXTENSION = app;
			};
			name = Debug;
		};
		A04CEC4E1591AB0500A0A93D /* Release */ = {
			isa = XCBuildConfiguration;
			buildSettings = {
				GCC_PRECOMPILE_PREFIX_HEADER = YES;
				GCC_PREFIX_HEADER = "html5.client.ios.demo/html5.client.ios.demo-Prefix.pch";
				HEADER_SEARCH_PATHS = "\"$(SRCROOT)/usr/\"";
				INFOPLIST_FILE = "html5.client.ios.demo/html5.client.ios.demo-Info.plist";
				LIBRARY_SEARCH_PATHS = (
					"$(inherited)",
					"\"$(SRCROOT)/usr/lib\"",
					"\"$(SRCROOT)/usr\"",
				);
				OTHER_LDFLAGS = (
					"-all_load",
					"-ObjC",
				);
				PRODUCT_NAME = "$(TARGET_NAME)";
				WRAPPER_EXTENSION = app;
			};
			name = Release;
		};
		A04CEC501591AB0500A0A93D /* Debug */ = {
			isa = XCBuildConfiguration;
			buildSettings = {
				BUNDLE_LOADER = "$(BUILT_PRODUCTS_DIR)/html5.client.ios.demo.app/html5.client.ios.demo";
				FRAMEWORK_SEARCH_PATHS = (
					"$(SDKROOT)/Developer/Library/Frameworks",
					"$(DEVELOPER_LIBRARY_DIR)/Frameworks",
				);
				GCC_PRECOMPILE_PREFIX_HEADER = YES;
				GCC_PREFIX_HEADER = "html5.client.ios.demo/html5.client.ios.demo-Prefix.pch";
				INFOPLIST_FILE = "html5.client.ios.demoTests/html5.client.ios.demoTests-Info.plist";
				PRODUCT_NAME = "$(TARGET_NAME)";
				TEST_HOST = "$(BUNDLE_LOADER)";
				WRAPPER_EXTENSION = octest;
			};
			name = Debug;
		};
		A04CEC511591AB0500A0A93D /* Release */ = {
			isa = XCBuildConfiguration;
			buildSettings = {
				BUNDLE_LOADER = "$(BUILT_PRODUCTS_DIR)/html5.client.ios.demo.app/html5.client.ios.demo";
				FRAMEWORK_SEARCH_PATHS = (
					"$(SDKROOT)/Developer/Library/Frameworks",
					"$(DEVELOPER_LIBRARY_DIR)/Frameworks",
				);
				GCC_PRECOMPILE_PREFIX_HEADER = YES;
				GCC_PREFIX_HEADER = "html5.client.ios.demo/html5.client.ios.demo-Prefix.pch";
				INFOPLIST_FILE = "html5.client.ios.demoTests/html5.client.ios.demoTests-Info.plist";
				PRODUCT_NAME = "$(TARGET_NAME)";
				TEST_HOST = "$(BUNDLE_LOADER)";
				WRAPPER_EXTENSION = octest;
			};
			name = Release;
		};
/* End XCBuildConfiguration section */

/* Begin XCConfigurationList section */
		A04CEC131591AB0400A0A93D /* Build configuration list for PBXProject "html5.client.ios.demo" */ = {
			isa = XCConfigurationList;
			buildConfigurations = (
				A04CEC4A1591AB0500A0A93D /* Debug */,
				A04CEC4B1591AB0500A0A93D /* Release */,
			);
			defaultConfigurationIsVisible = 0;
			defaultConfigurationName = Release;
		};
		A04CEC4C1591AB0500A0A93D /* Build configuration list for PBXNativeTarget "html5.client.ios.demo" */ = {
			isa = XCConfigurationList;
			buildConfigurations = (
				A04CEC4D1591AB0500A0A93D /* Debug */,
				A04CEC4E1591AB0500A0A93D /* Release */,
			);
			defaultConfigurationIsVisible = 0;
			defaultConfigurationName = Release;
		};
		A04CEC4F1591AB0500A0A93D /* Build configuration list for PBXNativeTarget "html5.client.ios.demoTests" */ = {
			isa = XCConfigurationList;
			buildConfigurations = (
				A04CEC501591AB0500A0A93D /* Debug */,
				A04CEC511591AB0500A0A93D /* Release */,
			);
			defaultConfigurationIsVisible = 0;
			defaultConfigurationName = Release;
		};
/* End XCConfigurationList section */
	};
	rootObject = A04CEC101591AB0400A0A93D /* Project object */;
}
