// !$*UTF8*$!
{
	archiveVersion = 1;
	classes = {
	};
	objectVersion = 46;
	objects = {

/* Begin PBXBuildFile section */
		A003FC9D1592111400BEE2C8 /* libicucore.dylib in Frameworks */ = {isa = PBXBuildFile; fileRef = A003FC9C1592111400BEE2C8 /* libicucore.dylib */; };
		A003FC9F1592111C00BEE2C8 /* CFNetwork.framework in Frameworks */ = {isa = PBXBuildFile; fileRef = A003FC9E1592111C00BEE2C8 /* CFNetwork.framework */; };
		A003FCA11592112500BEE2C8 /* Security.framework in Frameworks */ = {isa = PBXBuildFile; fileRef = A003FCA01592112500BEE2C8 /* Security.framework */; };
		A04CEC1E1591AB0400A0A93D /* UIKit.framework in Frameworks */ = {isa = PBXBuildFile; fileRef = A04CEC1D1591AB0400A0A93D /* UIKit.framework */; };
		A04CEC201591AB0400A0A93D /* Foundation.framework in Frameworks */ = {isa = PBXBuildFile; fileRef = A04CEC1F1591AB0400A0A93D /* Foundation.framework */; };
		A04CEC221591AB0400A0A93D /* CoreGraphics.framework in Frameworks */ = {isa = PBXBuildFile; fileRef = A04CEC211591AB0400A0A93D /* CoreGraphics.framework */; };
		A04CEC281591AB0400A0A93D /* InfoPlist.strings in Resources */ = {isa = PBXBuildFile; fileRef = A04CEC261591AB0400A0A93D /* InfoPlist.strings */; };
		A04CEC2A1591AB0400A0A93D /* main.m in Sources */ = {isa = PBXBuildFile; fileRef = A04CEC291591AB0400A0A93D /* main.m */; };
		A04CEC2E1591AB0400A0A93D /* KGAppDelegate.m in Sources */ = {isa = PBXBuildFile; fileRef = A04CEC2D1591AB0400A0A93D /* KGAppDelegate.m */; };
		A04CEC311591AB0400A0A93D /* MainStoryboard.storyboard in Resources */ = {isa = PBXBuildFile; fileRef = A04CEC2F1591AB0400A0A93D /* MainStoryboard.storyboard */; };
		A04CEC341591AB0400A0A93D /* KGViewController.m in Sources */ = {isa = PBXBuildFile; fileRef = A04CEC331591AB0400A0A93D /* KGViewController.m */; };
		A04CEC3C1591AB0400A0A93D /* SenTestingKit.framework in Frameworks */ = {isa = PBXBuildFile; fileRef = A04CEC3B1591AB0400A0A93D /* SenTestingKit.framework */; };
		A04CEC3D1591AB0400A0A93D /* UIKit.framework in Frameworks */ = {isa = PBXBuildFile; fileRef = A04CEC1D1591AB0400A0A93D /* UIKit.framework */; };
		A04CEC3E1591AB0400A0A93D /* Foundation.framework in Frameworks */ = {isa = PBXBuildFile; fileRef = A04CEC1F1591AB0400A0A93D /* Foundation.framework */; };
		A04CEC461591AB0400A0A93D /* InfoPlist.strings in Resources */ = {isa = PBXBuildFile; fileRef = A04CEC441591AB0400A0A93D /* InfoPlist.strings */; };
		A04CEC491591AB0500A0A93D /* html5_client_ios_demoTests.m in Sources */ = {isa = PBXBuildFile; fileRef = A04CEC481591AB0500A0A93D /* html5_client_ios_demoTests.m */; };
		A0A65FB9159DCBB800135AB6 /* Default.png in Resources */ = {isa = PBXBuildFile; fileRef = A0A65FB8159DCBB800135AB6 /* Default.png */; };
		A0D5E2E515A488420022A77C /* Kaazing.png in Resources */ = {isa = PBXBuildFile; fileRef = A0D5E2E415A488420022A77C /* Kaazing.png */; };
		A0D5E2E715A488B50022A77C /* Kaazing2.png in Resources */ = {isa = PBXBuildFile; fileRef = A0D5E2E615A488B50022A77C /* Kaazing2.png */; };
		AF8D4B4315E57E2200956A08 /* libCore.a in Frameworks */ = {isa = PBXBuildFile; fileRef = AF8D4B3815E575D200956A08 /* libCore.a */; };
/* End PBXBuildFile section */

/* Begin PBXContainerItemProxy section */
		A04CEC3F1591AB0400A0A93D /* PBXContainerItemProxy */ = {
			isa = PBXContainerItemProxy;
			containerPortal = A04CEC101591AB0400A0A93D /* Project object */;
			proxyType = 1;
			remoteGlobalIDString = A04CEC181591AB0400A0A93D;
			remoteInfo = html5.client.ios.demo;
		};
		AF8D4B3715E575D200956A08 /* PBXContainerItemProxy */ = {
			isa = PBXContainerItemProxy;
			containerPortal = AF8D4B2F15E575D100956A08 /* Core.xcodeproj */;
			proxyType = 2;
			remoteGlobalIDString = A0E90D10144F17D600666B29;
			remoteInfo = Core;
		};
		AF8D4B3915E575D200956A08 /* PBXContainerItemProxy */ = {
			isa = PBXContainerItemProxy;
			containerPortal = AF8D4B2F15E575D100956A08 /* Core.xcodeproj */;
			proxyType = 2;
			remoteGlobalIDString = A0E90D20144F17D600666B29;
			remoteInfo = CoreTests;
		};
/* End PBXContainerItemProxy section */

/* Begin PBXFileReference section */
		A003FC9C1592111400BEE2C8 /* libicucore.dylib */ = {isa = PBXFileReference; lastKnownFileType = "compiled.mach-o.dylib"; name = libicucore.dylib; path = usr/lib/libicucore.dylib; sourceTree = SDKROOT; };
		A003FC9E1592111C00BEE2C8 /* CFNetwork.framework */ = {isa = PBXFileReference; lastKnownFileType = wrapper.framework; name = CFNetwork.framework; path = System/Library/Frameworks/CFNetwork.framework; sourceTree = SDKROOT; };
		A003FCA01592112500BEE2C8 /* Security.framework */ = {isa = PBXFileReference; lastKnownFileType = wrapper.framework; name = Security.framework; path = System/Library/Frameworks/Security.framework; sourceTree = SDKROOT; };
		A01191191598B67E00A190A1 /* libWebSocket.a */ = {isa = PBXFileReference; lastKnownFileType = archive.ar; name = libWebSocket.a; path = usr/libWebSocket.a; sourceTree = "<group>"; };
		A04CEC191591AB0400A0A93D /* html5.client.ios.demo.app */ = {isa = PBXFileReference; explicitFileType = wrapper.application; includeInIndex = 0; path = html5.client.ios.demo.app; sourceTree = BUILT_PRODUCTS_DIR; };
		A04CEC1D1591AB0400A0A93D /* UIKit.framework */ = {isa = PBXFileReference; lastKnownFileType = wrapper.framework; name = UIKit.framework; path = System/Library/Frameworks/UIKit.framework; sourceTree = SDKROOT; };
		A04CEC1F1591AB0400A0A93D /* Foundation.framework */ = {isa = PBXFileReference; lastKnownFileType = wrapper.framework; name = Foundation.framework; path = System/Library/Frameworks/Foundation.framework; sourceTree = SDKROOT; };
		A04CEC211591AB0400A0A93D /* CoreGraphics.framework */ = {isa = PBXFileReference; lastKnownFileType = wrapper.framework; name = CoreGraphics.framework; path = System/Library/Frameworks/CoreGraphics.framework; sourceTree = SDKROOT; };
		A04CEC251591AB0400A0A93D /* html5.client.ios.demo-Info.plist */ = {isa = PBXFileReference; lastKnownFileType = text.plist.xml; path = "html5.client.ios.demo-Info.plist"; sourceTree = "<group>"; };
		A04CEC271591AB0400A0A93D /* en */ = {isa = PBXFileReference; lastKnownFileType = text.plist.strings; name = en; path = en.lproj/InfoPlist.strings; sourceTree = "<group>"; };
		A04CEC291591AB0400A0A93D /* main.m */ = {isa = PBXFileReference; lastKnownFileType = sourcecode.c.objc; path = main.m; sourceTree = "<group>"; };
		A04CEC2B1591AB0400A0A93D /* html5.client.ios.demo-Prefix.pch */ = {isa = PBXFileReference; lastKnownFileType = sourcecode.c.h; path = "html5.client.ios.demo-Prefix.pch"; sourceTree = "<group>"; };
		A04CEC2C1591AB0400A0A93D /* KGAppDelegate.h */ = {isa = PBXFileReference; lastKnownFileType = sourcecode.c.h; path = KGAppDelegate.h; sourceTree = "<group>"; };
		A04CEC2D1591AB0400A0A93D /* KGAppDelegate.m */ = {isa = PBXFileReference; lastKnownFileType = sourcecode.c.objc; path = KGAppDelegate.m; sourceTree = "<group>"; };
		A04CEC301591AB0400A0A93D /* en */ = {isa = PBXFileReference; lastKnownFileType = file.storyboard; name = en; path = en.lproj/MainStoryboard.storyboard; sourceTree = "<group>"; };
		A04CEC321591AB0400A0A93D /* KGViewController.h */ = {isa = PBXFileReference; lastKnownFileType = sourcecode.c.h; path = KGViewController.h; sourceTree = "<group>"; };
		A04CEC331591AB0400A0A93D /* KGViewController.m */ = {isa = PBXFileReference; lastKnownFileType = sourcecode.c.objc; path = KGViewController.m; sourceTree = "<group>"; };
		A04CEC3A1591AB0400A0A93D /* html5.client.ios.demoTests.octest */ = {isa = PBXFileReference; explicitFileType = wrapper.cfbundle; includeInIndex = 0; path = html5.client.ios.demoTests.octest; sourceTree = BUILT_PRODUCTS_DIR; };
		A04CEC3B1591AB0400A0A93D /* SenTestingKit.framework */ = {isa = PBXFileReference; lastKnownFileType = wrapper.framework; name = SenTestingKit.framework; path = Library/Frameworks/SenTestingKit.framework; sourceTree = DEVELOPER_DIR; };
		A04CEC431591AB0400A0A93D /* html5.client.ios.demoTests-Info.plist */ = {isa = PBXFileReference; lastKnownFileType = text.plist.xml; path = "html5.client.ios.demoTests-Info.plist"; sourceTree = "<group>"; };
		A04CEC451591AB0400A0A93D /* en */ = {isa = PBXFileReference; lastKnownFileType = text.plist.strings; name = en; path = en.lproj/InfoPlist.strings; sourceTree = "<group>"; };
		A04CEC471591AB0500A0A93D /* html5_client_ios_demoTests.h */ = {isa = PBXFileReference; lastKnownFileType = sourcecode.c.h; path = html5_client_ios_demoTests.h; sourceTree = "<group>"; };
		A04CEC481591AB0500A0A93D /* html5_client_ios_demoTests.m */ = {isa = PBXFileReference; lastKnownFileType = sourcecode.c.objc; path = html5_client_ios_demoTests.m; sourceTree = "<group>"; };
		A0A65FB8159DCBB800135AB6 /* Default.png */ = {isa = PBXFileReference; lastKnownFileType = image.png; path = Default.png; sourceTree = "<group>"; };
		A0D5E2E415A488420022A77C /* Kaazing.png */ = {isa = PBXFileReference; lastKnownFileType = image.png; path = Kaazing.png; sourceTree = "<group>"; };
		A0D5E2E615A488B50022A77C /* Kaazing2.png */ = {isa = PBXFileReference; lastKnownFileType = image.png; path = Kaazing2.png; sourceTree = "<group>"; };
		AF8D4B2F15E575D100956A08 /* Core.xcodeproj */ = {isa = PBXFileReference; lastKnownFileType = "wrapper.pb-project"; name = Core.xcodeproj; path = ../../../../core.client.ios/Core.xcodeproj; sourceTree = "<group>"; };
/* End PBXFileReference section */

/* Begin PBXFrameworksBuildPhase section */
		A04CEC161591AB0400A0A93D /* Frameworks */ = {
			isa = PBXFrameworksBuildPhase;
			buildActionMask = 2147483647;
			files = (
				AF8D4B4315E57E2200956A08 /* libCore.a in Frameworks */,
				A003FCA11592112500BEE2C8 /* Security.framework in Frameworks */,
				A003FC9F1592111C00BEE2C8 /* CFNetwork.framework in Frameworks */,
				A003FC9D1592111400BEE2C8 /* libicucore.dylib in Frameworks */,
				A04CEC1E1591AB0400A0A93D /* UIKit.framework in Frameworks */,
				A04CEC201591AB0400A0A93D /* Foundation.framework in Frameworks */,
				A04CEC221591AB0400A0A93D /* CoreGraphics.framework in Frameworks */,
			);
			runOnlyForDeploymentPostprocessing = 0;
		};
		A04CEC361591AB0400A0A93D /* Frameworks */ = {
			isa = PBXFrameworksBuildPhase;
			buildActionMask = 2147483647;
			files = (
				A04CEC3C1591AB0400A0A93D /* SenTestingKit.framework in Frameworks */,
				A04CEC3D1591AB0400A0A93D /* UIKit.framework in Frameworks */,
				A04CEC3E1591AB0400A0A93D /* Foundation.framework in Frameworks */,
			);
			runOnlyForDeploymentPostprocessing = 0;
		};
/* End PBXFrameworksBuildPhase section */

/* Begin PBXGroup section */
		A04CEC0E1591AB0400A0A93D = {
			isa = PBXGroup;
			children = (
				AF8D4B2F15E575D100956A08 /* Core.xcodeproj */,
				A0D5E2E615A488B50022A77C /* Kaazing2.png */,
				A0D5E2E415A488420022A77C /* Kaazing.png */,
				A0A65FB8159DCBB800135AB6 /* Default.png */,
				A04CEC231591AB0400A0A93D /* html5.client.ios.demo */,
				A04CEC411591AB0400A0A93D /* html5.client.ios.demoTests */,
				A04CEC1C1591AB0400A0A93D /* Frameworks */,
				A04CEC1A1591AB0400A0A93D /* Products */,
			);
			sourceTree = "<group>";
		};
		A04CEC1A1591AB0400A0A93D /* Products */ = {
			isa = PBXGroup;
			children = (
				A04CEC191591AB0400A0A93D /* html5.client.ios.demo.app */,
				A04CEC3A1591AB0400A0A93D /* html5.client.ios.demoTests.octest */,
			);
			name = Products;
			sourceTree = "<group>";
		};
		A04CEC1C1591AB0400A0A93D /* Frameworks */ = {
			isa = PBXGroup;
			children = (
				A01191191598B67E00A190A1 /* libWebSocket.a */,
				A003FCA01592112500BEE2C8 /* Security.framework */,
				A003FC9E1592111C00BEE2C8 /* CFNetwork.framework */,
				A003FC9C1592111400BEE2C8 /* libicucore.dylib */,
				A04CEC1D1591AB0400A0A93D /* UIKit.framework */,
				A04CEC1F1591AB0400A0A93D /* Foundation.framework */,
				A04CEC211591AB0400A0A93D /* CoreGraphics.framework */,
				A04CEC3B1591AB0400A0A93D /* SenTestingKit.framework */,
			);
			name = Frameworks;
			sourceTree = "<group>";
		};
		A04CEC231591AB0400A0A93D /* html5.client.ios.demo */ = {
			isa = PBXGroup;
			children = (
				A04CEC2C1591AB0400A0A93D /* KGAppDelegate.h */,
				A04CEC2D1591AB0400A0A93D /* KGAppDelegate.m */,
				A04CEC2F1591AB0400A0A93D /* MainStoryboard.storyboard */,
				A04CEC321591AB0400A0A93D /* KGViewController.h */,
				A04CEC331591AB0400A0A93D /* KGViewController.m */,
				A04CEC241591AB0400A0A93D /* Supporting Files */,
			);
			path = html5.client.ios.demo;
			sourceTree = "<group>";
		};
		A04CEC241591AB0400A0A93D /* Supporting Files */ = {
			isa = PBXGroup;
			children = (
				A04CEC251591AB0400A0A93D /* html5.client.ios.demo-Info.plist */,
				A04CEC261591AB0400A0A93D /* InfoPlist.strings */,
				A04CEC291591AB0400A0A93D /* main.m */,
				A04CEC2B1591AB0400A0A93D /* html5.client.ios.demo-Prefix.pch */,
			);
			name = "Supporting Files";
			sourceTree = "<group>";
		};
		A04CEC411591AB0400A0A93D /* html5.client.ios.demoTests */ = {
			isa = PBXGroup;
			children = (
				A04CEC471591AB0500A0A93D /* html5_client_ios_demoTests.h */,
				A04CEC481591AB0500A0A93D /* html5_client_ios_demoTests.m */,
				A04CEC421591AB0400A0A93D /* Supporting Files */,
			);
			path = html5.client.ios.demoTests;
			sourceTree = "<group>";
		};
		A04CEC421591AB0400A0A93D /* Supporting Files */ = {
			isa = PBXGroup;
			children = (
				A04CEC431591AB0400A0A93D /* html5.client.ios.demoTests-Info.plist */,
				A04CEC441591AB0400A0A93D /* InfoPlist.strings */,
			);
			name = "Supporting Files";
			sourceTree = "<group>";
		};
		AF8D4B3015E575D100956A08 /* Products */ = {
			isa = PBXGroup;
			children = (
				AF8D4B3815E575D200956A08 /* libCore.a */,
				AF8D4B3A15E575D200956A08 /* CoreTests.octest */,
			);
			name = Products;
			sourceTree = "<group>";
		};
/* End PBXGroup section */

/* Begin PBXNativeTarget section */
		A04CEC181591AB0400A0A93D /* html5.client.ios.demo */ = {
			isa = PBXNativeTarget;
			buildConfigurationList = A04CEC4C1591AB0500A0A93D /* Build configuration list for PBXNativeTarget "html5.client.ios.demo" */;
			buildPhases = (
				A04CEC151591AB0400A0A93D /* Sources */,
				A04CEC161591AB0400A0A93D /* Frameworks */,
				A04CEC171591AB0400A0A93D /* Resources */,
			);
			buildRules = (
			);
			dependencies = (
			);
			name = html5.client.ios.demo;
			productName = html5.client.ios.demo;
			productReference = A04CEC191591AB0400A0A93D /* html5.client.ios.demo.app */;
			productType = "com.apple.product-type.application";
		};
		A04CEC391591AB0400A0A93D /* html5.client.ios.demoTests */ = {
			isa = PBXNativeTarget;
			buildConfigurationList = A04CEC4F1591AB0500A0A93D /* Build configuration list for PBXNativeTarget "html5.client.ios.demoTests" */;
			buildPhases = (
				A04CEC351591AB0400A0A93D /* Sources */,
				A04CEC361591AB0400A0A93D /* Frameworks */,
				A04CEC371591AB0400A0A93D /* Resources */,
				A04CEC381591AB0400A0A93D /* ShellScript */,
			);
			buildRules = (
			);
			dependencies = (
				A04CEC401591AB0400A0A93D /* PBXTargetDependency */,
			);
			name = html5.client.ios.demoTests;
			productName = html5.client.ios.demoTests;
			productReference = A04CEC3A1591AB0400A0A93D /* html5.client.ios.demoTests.octest */;
			productType = "com.apple.product-type.bundle";
		};
/* End PBXNativeTarget section */

/* Begin PBXProject section */
		A04CEC101591AB0400A0A93D /* Project object */ = {
			isa = PBXProject;
			attributes = {
				CLASSPREFIX = KG;
				LastUpgradeCheck = 0430;
				ORGANIZATIONNAME = Kaazing;
			};
			buildConfigurationList = A04CEC131591AB0400A0A93D /* Build configuration list for PBXProject "html5.client.ios.demo" */;
			compatibilityVersion = "Xcode 3.2";
			developmentRegion = English;
			hasScannedForEncodings = 0;
			knownRegions = (
				en,
			);
			mainGroup = A04CEC0E1591AB0400A0A93D;
			productRefGroup = A04CEC1A1591AB0400A0A93D /* Products */;
			projectDirPath = "";
			projectReferences = (
				{
					ProductGroup = AF8D4B3015E575D100956A08 /* Products */;
					ProjectRef = AF8D4B2F15E575D100956A08 /* Core.xcodeproj */;
				},
			);
			projectRoot = "";
			targets = (
				A04CEC181591AB0400A0A93D /* html5.client.ios.demo */,
				A04CEC391591AB0400A0A93D /* html5.client.ios.demoTests */,
			);
		};
/* End PBXProject section */

/* Begin PBXReferenceProxy section */
		AF8D4B3815E575D200956A08 /* libCore.a */ = {
			isa = PBXReferenceProxy;
			fileType = archive.ar;
			path = libCore.a;
			remoteRef = AF8D4B3715E575D200956A08 /* PBXContainerItemProxy */;
			sourceTree = BUILT_PRODUCTS_DIR;
		};
		AF8D4B3A15E575D200956A08 /* CoreTests.octest */ = {
			isa = PBXReferenceProxy;
			fileType = wrapper.cfbundle;
			path = CoreTests.octest;
			remoteRef = AF8D4B3915E575D200956A08 /* PBXContainerItemProxy */;
			sourceTree = BUILT_PRODUCTS_DIR;
		};
/* End PBXReferenceProxy section */

/* Begin PBXResourcesBuildPhase section */
		A04CEC171591AB0400A0A93D /* Resources */ = {
			isa = PBXResourcesBuildPhase;
			buildActionMask = 2147483647;
			files = (
				A04CEC281591AB0400A0A93D /* InfoPlist.strings in Resources */,
				A04CEC311591AB0400A0A93D /* MainStoryboard.storyboard in Resources */,
				A0A65FB9159DCBB800135AB6 /* Default.png in Resources */,
				A0D5E2E515A488420022A77C /* Kaazing.png in Resources */,
				A0D5E2E715A488B50022A77C /* Kaazing2.png in Resources */,
			);
			runOnlyForDeploymentPostprocessing = 0;
		};
		A04CEC371591AB0400A0A93D /* Resources */ = {
			isa = PBXResourcesBuildPhase;
			buildActionMask = 2147483647;
			files = (
				A04CEC461591AB0400A0A93D /* InfoPlist.strings in Resources */,
			);
			runOnlyForDeploymentPostprocessing = 0;
		};
/* End PBXResourcesBuildPhase section */

/* Begin PBXShellScriptBuildPhase section */
		A04CEC381591AB0400A0A93D /* ShellScript */ = {
			isa = PBXShellScriptBuildPhase;
			buildActionMask = 2147483647;
			files = (
			);
			inputPaths = (
			);
			outputPaths = (
			);
			runOnlyForDeploymentPostprocessing = 0;
			shellPath = /bin/sh;
			shellScript = "# Run the unit tests in this test bundle.\n\"${SYSTEM_DEVELOPER_DIR}/Tools/RunUnitTests\"\n";
		};
/* End PBXShellScriptBuildPhase section */

/* Begin PBXSourcesBuildPhase section */
		A04CEC151591AB0400A0A93D /* Sources */ = {
			isa = PBXSourcesBuildPhase;
			buildActionMask = 2147483647;
			files = (
				A04CEC2A1591AB0400A0A93D /* main.m in Sources */,
				A04CEC2E1591AB0400A0A93D /* KGAppDelegate.m in Sources */,
				A04CEC341591AB0400A0A93D /* KGViewController.m in Sources */,
			);
			runOnlyForDeploymentPostprocessing = 0;
		};
		A04CEC351591AB0400A0A93D /* Sources */ = {
			isa = PBXSourcesBuildPhase;
			buildActionMask = 2147483647;
			files = (
				A04CEC491591AB0500A0A93D /* html5_client_ios_demoTests.m in Sources */,
			);
			runOnlyForDeploymentPostprocessing = 0;
		};
/* End PBXSourcesBuildPhase section */

/* Begin PBXTargetDependency section */
		A04CEC401591AB0400A0A93D /* PBXTargetDependency */ = {
			isa = PBXTargetDependency;
			target = A04CEC181591AB0400A0A93D /* html5.client.ios.demo */;
			targetProxy = A04CEC3F1591AB0400A0A93D /* PBXContainerItemProxy */;
		};
/* End PBXTargetDependency section */

/* Begin PBXVariantGroup section */
		A04CEC261591AB0400A0A93D /* InfoPlist.strings */ = {
			isa = PBXVariantGroup;
			children = (
				A04CEC271591AB0400A0A93D /* en */,
			);
			name = InfoPlist.strings;
			sourceTree = "<group>";
		};
		A04CEC2F1591AB0400A0A93D /* MainStoryboard.storyboard */ = {
			isa = PBXVariantGroup;
			children = (
				A04CEC301591AB0400A0A93D /* en */,
			);
			name = MainStoryboard.storyboard;
			sourceTree = "<group>";
		};
		A04CEC441591AB0400A0A93D /* InfoPlist.strings */ = {
			isa = PBXVariantGroup;
			children = (
				A04CEC451591AB0400A0A93D /* en */,
			);
			name = InfoPlist.strings;
			sourceTree = "<group>";
		};
/* End PBXVariantGroup section */

/* Begin XCBuildConfiguration section */
		A04CEC4A1591AB0500A0A93D /* Debug */ = {
			isa = XCBuildConfiguration;
			buildSettings = {
				ALWAYS_SEARCH_USER_PATHS = NO;
				ARCHS = "$(ARCHS_STANDARD_32_BIT)";
				CLANG_ENABLE_OBJC_ARC = YES;
				"CODE_SIGN_IDENTITY[sdk=iphoneos*]" = "iPhone Developer";
				COPY_PHASE_STRIP = NO;
				GCC_C_LANGUAGE_STANDARD = gnu99;
				GCC_DYNAMIC_NO_PIC = NO;
				GCC_OPTIMIZATION_LEVEL = 0;
				GCC_PREPROCESSOR_DEFINITIONS = (
					"DEBUG=1",
					"$(inherited)",
				);
				GCC_SYMBOLS_PRIVATE_EXTERN = NO;
				GCC_VERSION = com.apple.compilers.llvm.clang.1_0;
				GCC_WARN_ABOUT_RETURN_TYPE = YES;
				GCC_WARN_UNINITIALIZED_AUTOS = YES;
				GCC_WARN_UNUSED_VARIABLE = YES;
				IPHONEOS_DEPLOYMENT_TARGET = 5.1;
				ONLY_ACTIVE_ARCH = NO;
				SDKROOT = iphoneos;
				VALID_ARCHS = "$(ARCHS_STANDARD_32_BIT) i386";
			};
			name = Debug;
		};
		A04CEC4B1591AB0500A0A93D /* Release */ = {
			isa = XCBuildConfiguration;
			buildSettings = {
				ALWAYS_SEARCH_USER_PATHS = NO;
				ARCHS = "$(ARCHS_STANDARD_32_BIT)";
				CLANG_ENABLE_OBJC_ARC = YES;
				"CODE_SIGN_IDENTITY[sdk=iphoneos*]" = "iPhone Developer";
				COPY_PHASE_STRIP = YES;
				GCC_C_LANGUAGE_STANDARD = gnu99;
				GCC_VERSION = com.apple.compilers.llvm.clang.1_0;
				GCC_WARN_ABOUT_RETURN_TYPE = YES;
				GCC_WARN_UNINITIALIZED_AUTOS = YES;
				GCC_WARN_UNUSED_VARIABLE = YES;
				IPHONEOS_DEPLOYMENT_TARGET = 5.1;
				ONLY_ACTIVE_ARCH = NO;
				OTHER_CFLAGS = "-DNS_BLOCK_ASSERTIONS=1";
				SDKROOT = iphoneos;
				VALIDATE_PRODUCT = YES;
				VALID_ARCHS = "$(ARCHS_STANDARD_32_BIT) i386";
			};
			name = Release;
		};
		A04CEC4D1591AB0500A0A93D /* Debug */ = {
			isa = XCBuildConfiguration;
			buildSettings = {
				GCC_PRECOMPILE_PREFIX_HEADER = YES;
				GCC_PREFIX_HEADER = "html5.client.ios.demo/html5.client.ios.demo-Prefix.pch";
				HEADER_SEARCH_PATHS = "\"$(SRCROOT)/usr/\"";
				INFOPLIST_FILE = "html5.client.ios.demo/html5.client.ios.demo-Info.plist";
				LIBRARY_SEARCH_PATHS = (
					"$(inherited)",
					"\"$(SRCROOT)/usr/lib\"",
					"\"$(SRCROOT)/usr\"",
				);
				OTHER_LDFLAGS = (
					"-all_load",
					"-ObjC",
				);
				PRODUCT_NAME = "$(TARGET_NAME)";
				WRAPPER_EXTENSION = app;
			};
			name = Debug;
		};
		A04CEC4E1591AB0500A0A93D /* Release */ = {
			isa = XCBuildConfiguration;
			buildSettings = {
				GCC_PRECOMPILE_PREFIX_HEADER = YES;
				GCC_PREFIX_HEADER = "html5.client.ios.demo/html5.client.ios.demo-Prefix.pch";
				HEADER_SEARCH_PATHS = "\"$(SRCROOT)/usr/\"";
				INFOPLIST_FILE = "html5.client.ios.demo/html5.client.ios.demo-Info.plist";
				LIBRARY_SEARCH_PATHS = (
					"$(inherited)",
					"\"$(SRCROOT)/usr/lib\"",
					"\"$(SRCROOT)/usr\"",
				);
				OTHER_LDFLAGS = (
					"-all_load",
					"-ObjC",
				);
				PRODUCT_NAME = "$(TARGET_NAME)";
				WRAPPER_EXTENSION = app;
			};
			name = Release;
		};
		A04CEC501591AB0500A0A93D /* Debug */ = {
			isa = XCBuildConfiguration;
			buildSettings = {
				BUNDLE_LOADER = "$(BUILT_PRODUCTS_DIR)/html5.client.ios.demo.app/html5.client.ios.demo";
				FRAMEWORK_SEARCH_PATHS = (
					"$(SDKROOT)/Developer/Library/Frameworks",
					"$(DEVELOPER_LIBRARY_DIR)/Frameworks",
				);
				GCC_PRECOMPILE_PREFIX_HEADER = YES;
				GCC_PREFIX_HEADER = "html5.client.ios.demo/html5.client.ios.demo-Prefix.pch";
				INFOPLIST_FILE = "html5.client.ios.demoTests/html5.client.ios.demoTests-Info.plist";
				PRODUCT_NAME = "$(TARGET_NAME)";
				TEST_HOST = "$(BUNDLE_LOADER)";
				WRAPPER_EXTENSION = octest;
			};
			name = Debug;
		};
		A04CEC511591AB0500A0A93D /* Release */ = {
			isa = XCBuildConfiguration;
			buildSettings = {
				BUNDLE_LOADER = "$(BUILT_PRODUCTS_DIR)/html5.client.ios.demo.app/html5.client.ios.demo";
				FRAMEWORK_SEARCH_PATHS = (
					"$(SDKROOT)/Developer/Library/Frameworks",
					"$(DEVELOPER_LIBRARY_DIR)/Frameworks",
				);
				GCC_PRECOMPILE_PREFIX_HEADER = YES;
				GCC_PREFIX_HEADER = "html5.client.ios.demo/html5.client.ios.demo-Prefix.pch";
				INFOPLIST_FILE = "html5.client.ios.demoTests/html5.client.ios.demoTests-Info.plist";
				PRODUCT_NAME = "$(TARGET_NAME)";
				TEST_HOST = "$(BUNDLE_LOADER)";
				WRAPPER_EXTENSION = octest;
			};
			name = Release;
		};
/* End XCBuildConfiguration section */

/* Begin XCConfigurationList section */
		A04CEC131591AB0400A0A93D /* Build configuration list for PBXProject "html5.client.ios.demo" */ = {
			isa = XCConfigurationList;
			buildConfigurations = (
				A04CEC4A1591AB0500A0A93D /* Debug */,
				A04CEC4B1591AB0500A0A93D /* Release */,
			);
			defaultConfigurationIsVisible = 0;
			defaultConfigurationName = Release;
		};
		A04CEC4C1591AB0500A0A93D /* Build configuration list for PBXNativeTarget "html5.client.ios.demo" */ = {
			isa = XCConfigurationList;
			buildConfigurations = (
				A04CEC4D1591AB0500A0A93D /* Debug */,
				A04CEC4E1591AB0500A0A93D /* Release */,
			);
			defaultConfigurationIsVisible = 0;
			defaultConfigurationName = Release;
		};
		A04CEC4F1591AB0500A0A93D /* Build configuration list for PBXNativeTarget "html5.client.ios.demoTests" */ = {
			isa = XCConfigurationList;
			buildConfigurations = (
				A04CEC501591AB0500A0A93D /* Debug */,
				A04CEC511591AB0500A0A93D /* Release */,
			);
			defaultConfigurationIsVisible = 0;
			defaultConfigurationName = Release;
		};
/* End XCConfigurationList section */
	};
	rootObject = A04CEC101591AB0400A0A93D /* Project object */;
}
